// !$*UTF8*$!
{
	archiveVersion = 1;
	classes = {
	};
	objectVersion = 50;
	objects = {

/* Begin PBXBuildFile section */
		FF0B810B22FBACC700C1B094 /* AppDelegate.m in Sources */ = {isa = PBXBuildFile; fileRef = FF0B810A22FBACC700C1B094 /* AppDelegate.m */; };
		FF0B810E22FBACC700C1B094 /* ViewController.m in Sources */ = {isa = PBXBuildFile; fileRef = FF0B810D22FBACC700C1B094 /* ViewController.m */; };
		FF0B811122FBACC700C1B094 /* Main.storyboard in Resources */ = {isa = PBXBuildFile; fileRef = FF0B810F22FBACC700C1B094 /* Main.storyboard */; };
		FF0B811322FBACC900C1B094 /* Assets.xcassets in Resources */ = {isa = PBXBuildFile; fileRef = FF0B811222FBACC900C1B094 /* Assets.xcassets */; };
		FF0B811622FBACC900C1B094 /* LaunchScreen.storyboard in Resources */ = {isa = PBXBuildFile; fileRef = FF0B811422FBACC900C1B094 /* LaunchScreen.storyboard */; };
		FF0B811922FBACC900C1B094 /* main.m in Sources */ = {isa = PBXBuildFile; fileRef = FF0B811822FBACC900C1B094 /* main.m */; };
		FF0B812322FBACC900C1B094 /* OptimusPrimeTests.m in Sources */ = {isa = PBXBuildFile; fileRef = FF0B812222FBACC900C1B094 /* OptimusPrimeTests.m */; };
/* End PBXBuildFile section */

/* Begin PBXContainerItemProxy section */
		FF0B811F22FBACC900C1B094 /* PBXContainerItemProxy */ = {
			isa = PBXContainerItemProxy;
			containerPortal = FF0B80FE22FBACC700C1B094 /* Project object */;
			proxyType = 1;
			remoteGlobalIDString = FF0B810522FBACC700C1B094;
			remoteInfo = OptimusPrime;
		};
/* End PBXContainerItemProxy section */

/* Begin PBXFileReference section */
		FF0B810622FBACC700C1B094 /* OptimusPrime.app */ = {isa = PBXFileReference; explicitFileType = wrapper.application; includeInIndex = 0; path = OptimusPrime.app; sourceTree = BUILT_PRODUCTS_DIR; };
		FF0B810922FBACC700C1B094 /* AppDelegate.h */ = {isa = PBXFileReference; lastKnownFileType = sourcecode.c.h; path = AppDelegate.h; sourceTree = "<group>"; };
		FF0B810A22FBACC700C1B094 /* AppDelegate.m */ = {isa = PBXFileReference; lastKnownFileType = sourcecode.c.objc; path = AppDelegate.m; sourceTree = "<group>"; };
		FF0B810C22FBACC700C1B094 /* ViewController.h */ = {isa = PBXFileReference; lastKnownFileType = sourcecode.c.h; path = ViewController.h; sourceTree = "<group>"; };
		FF0B810D22FBACC700C1B094 /* ViewController.m */ = {isa = PBXFileReference; lastKnownFileType = sourcecode.c.objc; path = ViewController.m; sourceTree = "<group>"; };
		FF0B811022FBACC700C1B094 /* Base */ = {isa = PBXFileReference; lastKnownFileType = file.storyboard; name = Base; path = Base.lproj/Main.storyboard; sourceTree = "<group>"; };
		FF0B811222FBACC900C1B094 /* Assets.xcassets */ = {isa = PBXFileReference; lastKnownFileType = folder.assetcatalog; path = Assets.xcassets; sourceTree = "<group>"; };
		FF0B811522FBACC900C1B094 /* Base */ = {isa = PBXFileReference; lastKnownFileType = file.storyboard; name = Base; path = Base.lproj/LaunchScreen.storyboard; sourceTree = "<group>"; };
		FF0B811722FBACC900C1B094 /* Info.plist */ = {isa = PBXFileReference; lastKnownFileType = text.plist.xml; path = Info.plist; sourceTree = "<group>"; };
		FF0B811822FBACC900C1B094 /* main.m */ = {isa = PBXFileReference; lastKnownFileType = sourcecode.c.objc; path = main.m; sourceTree = "<group>"; };
		FF0B811E22FBACC900C1B094 /* OptimusPrimeTests.xctest */ = {isa = PBXFileReference; explicitFileType = wrapper.cfbundle; includeInIndex = 0; path = OptimusPrimeTests.xctest; sourceTree = BUILT_PRODUCTS_DIR; };
		FF0B812222FBACC900C1B094 /* OptimusPrimeTests.m */ = {isa = PBXFileReference; lastKnownFileType = sourcecode.c.objc; path = OptimusPrimeTests.m; sourceTree = "<group>"; };
		FF0B812422FBACC900C1B094 /* Info.plist */ = {isa = PBXFileReference; lastKnownFileType = text.plist.xml; path = Info.plist; sourceTree = "<group>"; };
/* End PBXFileReference section */

/* Begin PBXFrameworksBuildPhase section */
		FF0B810322FBACC700C1B094 /* Frameworks */ = {
			isa = PBXFrameworksBuildPhase;
			buildActionMask = 2147483647;
			files = (
			);
			runOnlyForDeploymentPostprocessing = 0;
		};
		FF0B811B22FBACC900C1B094 /* Frameworks */ = {
			isa = PBXFrameworksBuildPhase;
			buildActionMask = 2147483647;
			files = (
			);
			runOnlyForDeploymentPostprocessing = 0;
		};
/* End PBXFrameworksBuildPhase section */

/* Begin PBXGroup section */
		FF0B80FD22FBACC700C1B094 = {
			isa = PBXGroup;
			children = (
				FF0B810822FBACC700C1B094 /* OptimusPrime */,
				FF0B812122FBACC900C1B094 /* OptimusPrimeTests */,
				FF0B810722FBACC700C1B094 /* Products */,
			);
			sourceTree = "<group>";
		};
		FF0B810722FBACC700C1B094 /* Products */ = {
			isa = PBXGroup;
			children = (
				FF0B810622FBACC700C1B094 /* OptimusPrime.app */,
				FF0B811E22FBACC900C1B094 /* OptimusPrimeTests.xctest */,
			);
			name = Products;
			sourceTree = "<group>";
		};
		FF0B810822FBACC700C1B094 /* OptimusPrime */ = {
			isa = PBXGroup;
			children = (
				FF0B810922FBACC700C1B094 /* AppDelegate.h */,
				FF0B810A22FBACC700C1B094 /* AppDelegate.m */,
				FF0B810C22FBACC700C1B094 /* ViewController.h */,
				FF0B810D22FBACC700C1B094 /* ViewController.m */,
				FF0B810F22FBACC700C1B094 /* Main.storyboard */,
				FF0B811222FBACC900C1B094 /* Assets.xcassets */,
				FF0B811422FBACC900C1B094 /* LaunchScreen.storyboard */,
				FF0B811722FBACC900C1B094 /* Info.plist */,
				FF0B811822FBACC900C1B094 /* main.m */,
			);
			path = OptimusPrime;
			sourceTree = "<group>";
		};
		FF0B812122FBACC900C1B094 /* OptimusPrimeTests */ = {
			isa = PBXGroup;
			children = (
				FF0B812222FBACC900C1B094 /* OptimusPrimeTests.m */,
				FF0B812422FBACC900C1B094 /* Info.plist */,
			);
			path = OptimusPrimeTests;
			sourceTree = "<group>";
		};
/* End PBXGroup section */

/* Begin PBXNativeTarget section */
		FF0B810522FBACC700C1B094 /* OptimusPrime */ = {
			isa = PBXNativeTarget;
			buildConfigurationList = FF0B812722FBACC900C1B094 /* Build configuration list for PBXNativeTarget "OptimusPrime" */;
			buildPhases = (
				FF0B810222FBACC700C1B094 /* Sources */,
				FF0B810322FBACC700C1B094 /* Frameworks */,
				FF0B810422FBACC700C1B094 /* Resources */,
			);
			buildRules = (
			);
			dependencies = (
			);
			name = OptimusPrime;
			productName = OptimusPrime;
			productReference = FF0B810622FBACC700C1B094 /* OptimusPrime.app */;
			productType = "com.apple.product-type.application";
		};
		FF0B811D22FBACC900C1B094 /* OptimusPrimeTests */ = {
			isa = PBXNativeTarget;
			buildConfigurationList = FF0B812A22FBACC900C1B094 /* Build configuration list for PBXNativeTarget "OptimusPrimeTests" */;
			buildPhases = (
				FF0B811A22FBACC900C1B094 /* Sources */,
				FF0B811B22FBACC900C1B094 /* Frameworks */,
				FF0B811C22FBACC900C1B094 /* Resources */,
			);
			buildRules = (
			);
			dependencies = (
				FF0B812022FBACC900C1B094 /* PBXTargetDependency */,
			);
			name = OptimusPrimeTests;
			productName = OptimusPrimeTests;
			productReference = FF0B811E22FBACC900C1B094 /* OptimusPrimeTests.xctest */;
			productType = "com.apple.product-type.bundle.unit-test";
		};
/* End PBXNativeTarget section */

/* Begin PBXProject section */
		FF0B80FE22FBACC700C1B094 /* Project object */ = {
			isa = PBXProject;
			attributes = {
				LastUpgradeCheck = 1030;
				ORGANIZATIONNAME = zzb;
				TargetAttributes = {
					FF0B810522FBACC700C1B094 = {
						CreatedOnToolsVersion = 10.3;
					};
					FF0B811D22FBACC900C1B094 = {
						CreatedOnToolsVersion = 10.3;
						TestTargetID = FF0B810522FBACC700C1B094;
					};
				};
			};
			buildConfigurationList = FF0B810122FBACC700C1B094 /* Build configuration list for PBXProject "OptimusPrime" */;
			compatibilityVersion = "Xcode 9.3";
			developmentRegion = en;
			hasScannedForEncodings = 0;
			knownRegions = (
				en,
				Base,
			);
			mainGroup = FF0B80FD22FBACC700C1B094;
			productRefGroup = FF0B810722FBACC700C1B094 /* Products */;
			projectDirPath = "";
			projectRoot = "";
			targets = (
				FF0B810522FBACC700C1B094 /* OptimusPrime */,
				FF0B811D22FBACC900C1B094 /* OptimusPrimeTests */,
			);
		};
/* End PBXProject section */

/* Begin PBXResourcesBuildPhase section */
		FF0B810422FBACC700C1B094 /* Resources */ = {
			isa = PBXResourcesBuildPhase;
			buildActionMask = 2147483647;
			files = (
				FF0B811622FBACC900C1B094 /* LaunchScreen.storyboard in Resources */,
				FF0B811322FBACC900C1B094 /* Assets.xcassets in Resources */,
				FF0B811122FBACC700C1B094 /* Main.storyboard in Resources */,
			);
			runOnlyForDeploymentPostprocessing = 0;
		};
		FF0B811C22FBACC900C1B094 /* Resources */ = {
			isa = PBXResourcesBuildPhase;
			buildActionMask = 2147483647;
			files = (
			);
			runOnlyForDeploymentPostprocessing = 0;
		};
/* End PBXResourcesBuildPhase section */

/* Begin PBXSourcesBuildPhase section */
		FF0B810222FBACC700C1B094 /* Sources */ = {
			isa = PBXSourcesBuildPhase;
			buildActionMask = 2147483647;
			files = (
				FF0B810E22FBACC700C1B094 /* ViewController.m in Sources */,
				FF0B811922FBACC900C1B094 /* main.m in Sources */,
				FF0B810B22FBACC700C1B094 /* AppDelegate.m in Sources */,
			);
			runOnlyForDeploymentPostprocessing = 0;
		};
		FF0B811A22FBACC900C1B094 /* Sources */ = {
			isa = PBXSourcesBuildPhase;
			buildActionMask = 2147483647;
			files = (
				FF0B812322FBACC900C1B094 /* OptimusPrimeTests.m in Sources */,
			);
			runOnlyForDeploymentPostprocessing = 0;
		};
/* End PBXSourcesBuildPhase section */

/* Begin PBXTargetDependency section */
		FF0B812022FBACC900C1B094 /* PBXTargetDependency */ = {
			isa = PBXTargetDependency;
			target = FF0B810522FBACC700C1B094 /* OptimusPrime */;
			targetProxy = FF0B811F22FBACC900C1B094 /* PBXContainerItemProxy */;
		};
/* End PBXTargetDependency section */

/* Begin PBXVariantGroup section */
		FF0B810F22FBACC700C1B094 /* Main.storyboard */ = {
			isa = PBXVariantGroup;
			children = (
				FF0B811022FBACC700C1B094 /* Base */,
			);
			name = Main.storyboard;
			sourceTree = "<group>";
		};
		FF0B811422FBACC900C1B094 /* LaunchScreen.storyboard */ = {
			isa = PBXVariantGroup;
			children = (
				FF0B811522FBACC900C1B094 /* Base */,
			);
			name = LaunchScreen.storyboard;
			sourceTree = "<group>";
		};
/* End PBXVariantGroup section */

/* Begin XCBuildConfiguration section */
		FF0B812522FBACC900C1B094 /* Debug */ = {
			isa = XCBuildConfiguration;
			buildSettings = {
				ALWAYS_SEARCH_USER_PATHS = NO;
				CLANG_ANALYZER_NONNULL = YES;
				CLANG_ANALYZER_NUMBER_OBJECT_CONVERSION = YES_AGGRESSIVE;
				CLANG_CXX_LANGUAGE_STANDARD = "gnu++14";
				CLANG_CXX_LIBRARY = "libc++";
				CLANG_ENABLE_MODULES = YES;
				CLANG_ENABLE_OBJC_ARC = YES;
				CLANG_ENABLE_OBJC_WEAK = YES;
				CLANG_WARN_BLOCK_CAPTURE_AUTORELEASING = YES;
				CLANG_WARN_BOOL_CONVERSION = YES;
				CLANG_WARN_COMMA = YES;
				CLANG_WARN_CONSTANT_CONVERSION = YES;
				CLANG_WARN_DEPRECATED_OBJC_IMPLEMENTATIONS = YES;
				CLANG_WARN_DIRECT_OBJC_ISA_USAGE = YES_ERROR;
				CLANG_WARN_DOCUMENTATION_COMMENTS = YES;
				CLANG_WARN_EMPTY_BODY = YES;
				CLANG_WARN_ENUM_CONVERSION = YES;
				CLANG_WARN_INFINITE_RECURSION = YES;
				CLANG_WARN_INT_CONVERSION = YES;
				CLANG_WARN_NON_LITERAL_NULL_CONVERSION = YES;
				CLANG_WARN_OBJC_IMPLICIT_RETAIN_SELF = YES;
				CLANG_WARN_OBJC_LITERAL_CONVERSION = YES;
				CLANG_WARN_OBJC_ROOT_CLASS = YES_ERROR;
				CLANG_WARN_RANGE_LOOP_ANALYSIS = YES;
				CLANG_WARN_STRICT_PROTOTYPES = YES;
				CLANG_WARN_SUSPICIOUS_MOVE = YES;
				CLANG_WARN_UNGUARDED_AVAILABILITY = YES_AGGRESSIVE;
				CLANG_WARN_UNREACHABLE_CODE = YES;
				CLANG_WARN__DUPLICATE_METHOD_MATCH = YES;
				CODE_SIGN_IDENTITY = "iPhone Developer";
				COPY_PHASE_STRIP = NO;
				DEBUG_INFORMATION_FORMAT = dwarf;
				ENABLE_STRICT_OBJC_MSGSEND = YES;
				ENABLE_TESTABILITY = YES;
				GCC_C_LANGUAGE_STANDARD = gnu11;
				GCC_DYNAMIC_NO_PIC = NO;
				GCC_NO_COMMON_BLOCKS = YES;
				GCC_OPTIMIZATION_LEVEL = 0;
				GCC_PREPROCESSOR_DEFINITIONS = (
					"DEBUG=1",
					"$(inherited)",
				);
				GCC_WARN_64_TO_32_BIT_CONVERSION = YES;
				GCC_WARN_ABOUT_RETURN_TYPE = YES_ERROR;
				GCC_WARN_UNDECLARED_SELECTOR = YES;
				GCC_WARN_UNINITIALIZED_AUTOS = YES_AGGRESSIVE;
				GCC_WARN_UNUSED_FUNCTION = YES;
				GCC_WARN_UNUSED_VARIABLE = YES;
				IPHONEOS_DEPLOYMENT_TARGET = 12.4;
				MTL_ENABLE_DEBUG_INFO = INCLUDE_SOURCE;
				MTL_FAST_MATH = YES;
				ONLY_ACTIVE_ARCH = YES;
				SDKROOT = iphoneos;
			};
			name = Debug;
		};
		FF0B812622FBACC900C1B094 /* Release */ = {
			isa = XCBuildConfiguration;
			buildSettings = {
				ALWAYS_SEARCH_USER_PATHS = NO;
				CLANG_ANALYZER_NONNULL = YES;
				CLANG_ANALYZER_NUMBER_OBJECT_CONVERSION = YES_AGGRESSIVE;
				CLANG_CXX_LANGUAGE_STANDARD = "gnu++14";
				CLANG_CXX_LIBRARY = "libc++";
				CLANG_ENABLE_MODULES = YES;
				CLANG_ENABLE_OBJC_ARC = YES;
				CLANG_ENABLE_OBJC_WEAK = YES;
				CLANG_WARN_BLOCK_CAPTURE_AUTORELEASING = YES;
				CLANG_WARN_BOOL_CONVERSION = YES;
				CLANG_WARN_COMMA = YES;
				CLANG_WARN_CONSTANT_CONVERSION = YES;
				CLANG_WARN_DEPRECATED_OBJC_IMPLEMENTATIONS = YES;
				CLANG_WARN_DIRECT_OBJC_ISA_USAGE = YES_ERROR;
				CLANG_WARN_DOCUMENTATION_COMMENTS = YES;
				CLANG_WARN_EMPTY_BODY = YES;
				CLANG_WARN_ENUM_CONVERSION = YES;
				CLANG_WARN_INFINITE_RECURSION = YES;
				CLANG_WARN_INT_CONVERSION = YES;
				CLANG_WARN_NON_LITERAL_NULL_CONVERSION = YES;
				CLANG_WARN_OBJC_IMPLICIT_RETAIN_SELF = YES;
				CLANG_WARN_OBJC_LITERAL_CONVERSION = YES;
				CLANG_WARN_OBJC_ROOT_CLASS = YES_ERROR;
				CLANG_WARN_RANGE_LOOP_ANALYSIS = YES;
				CLANG_WARN_STRICT_PROTOTYPES = YES;
				CLANG_WARN_SUSPICIOUS_MOVE = YES;
				CLANG_WARN_UNGUARDED_AVAILABILITY = YES_AGGRESSIVE;
				CLANG_WARN_UNREACHABLE_CODE = YES;
				CLANG_WARN__DUPLICATE_METHOD_MATCH = YES;
				CODE_SIGN_IDENTITY = "iPhone Developer";
				COPY_PHASE_STRIP = NO;
				DEBUG_INFORMATION_FORMAT = "dwarf-with-dsym";
				ENABLE_NS_ASSERTIONS = NO;
				ENABLE_STRICT_OBJC_MSGSEND = YES;
				GCC_C_LANGUAGE_STANDARD = gnu11;
				GCC_NO_COMMON_BLOCKS = YES;
				GCC_WARN_64_TO_32_BIT_CONVERSION = YES;
				GCC_WARN_ABOUT_RETURN_TYPE = YES_ERROR;
				GCC_WARN_UNDECLARED_SELECTOR = YES;
				GCC_WARN_UNINITIALIZED_AUTOS = YES_AGGRESSIVE;
				GCC_WARN_UNUSED_FUNCTION = YES;
				GCC_WARN_UNUSED_VARIABLE = YES;
				IPHONEOS_DEPLOYMENT_TARGET = 12.4;
				MTL_ENABLE_DEBUG_INFO = NO;
				MTL_FAST_MATH = YES;
				SDKROOT = iphoneos;
				VALIDATE_PRODUCT = YES;
			};
			name = Release;
		};
		FF0B812822FBACC900C1B094 /* Debug */ = {
			isa = XCBuildConfiguration;
			buildSettings = {
				ASSETCATALOG_COMPILER_APPICON_NAME = AppIcon;
				CODE_SIGN_STYLE = Automatic;
				DEVELOPMENT_TEAM = Y5WX43KK4M;
				INFOPLIST_FILE = OptimusPrime/Info.plist;
				LD_RUNPATH_SEARCH_PATHS = (
					"$(inherited)",
					"@executable_path/Frameworks",
				);
				PRODUCT_BUNDLE_IDENTIFIER = zzb.com.OptimusPrime;
				PRODUCT_NAME = "$(TARGET_NAME)";
				TARGETED_DEVICE_FAMILY = "1,2";
			};
			name = Debug;
		};
		FF0B812922FBACC900C1B094 /* Release */ = {
			isa = XCBuildConfiguration;
			buildSettings = {
				ASSETCATALOG_COMPILER_APPICON_NAME = AppIcon;
				CODE_SIGN_STYLE = Automatic;
				DEVELOPMENT_TEAM = Y5WX43KK4M;
				INFOPLIST_FILE = OptimusPrime/Info.plist;
				LD_RUNPATH_SEARCH_PATHS = (
					"$(inherited)",
					"@executable_path/Frameworks",
				);
				PRODUCT_BUNDLE_IDENTIFIER = zzb.com.OptimusPrime;
				PRODUCT_NAME = "$(TARGET_NAME)";
				TARGETED_DEVICE_FAMILY = "1,2";
			};
			name = Release;
		};
		FF0B812B22FBACC900C1B094 /* Debug */ = {
			isa = XCBuildConfiguration;
			buildSettings = {
				BUNDLE_LOADER = "$(TEST_HOST)";
				CODE_SIGN_STYLE = Automatic;
				DEVELOPMENT_TEAM = Y5WX43KK4M;
				INFOPLIST_FILE = OptimusPrimeTests/Info.plist;
				LD_RUNPATH_SEARCH_PATHS = (
					"$(inherited)",
					"@executable_path/Frameworks",
					"@loader_path/Frameworks",
				);
				PRODUCT_BUNDLE_IDENTIFIER = zzb.com.OptimusPrimeTests;
				PRODUCT_NAME = "$(TARGET_NAME)";
				TARGETED_DEVICE_FAMILY = "1,2";
				TEST_HOST = "$(BUILT_PRODUCTS_DIR)/OptimusPrime.app/OptimusPrime";
			};
			name = Debug;
		};
		FF0B812C22FBACC900C1B094 /* Release */ = {
			isa = XCBuildConfiguration;
			buildSettings = {
				BUNDLE_LOADER = "$(TEST_HOST)";
				CODE_SIGN_STYLE = Automatic;
				DEVELOPMENT_TEAM = Y5WX43KK4M;
				INFOPLIST_FILE = OptimusPrimeTests/Info.plist;
				LD_RUNPATH_SEARCH_PATHS = (
					"$(inherited)",
					"@executable_path/Frameworks",
					"@loader_path/Frameworks",
				);
				PRODUCT_BUNDLE_IDENTIFIER = zzb.com.OptimusPrimeTests;
				PRODUCT_NAME = "$(TARGET_NAME)";
				TARGETED_DEVICE_FAMILY = "1,2";
				TEST_HOST = "$(BUILT_PRODUCTS_DIR)/OptimusPrime.app/OptimusPrime";
			};
			name = Release;
		};
/* End XCBuildConfiguration section */

/* Begin XCConfigurationList section */
		FF0B810122FBACC700C1B094 /* Build configuration list for PBXProject "OptimusPrime" */ = {
			isa = XCConfigurationList;
			buildConfigurations = (
				FF0B812522FBACC900C1B094 /* Debug */,
				FF0B812622FBACC900C1B094 /* Release */,
			);
			defaultConfigurationIsVisible = 0;
			defaultConfigurationName = Release;
		};
		FF0B812722FBACC900C1B094 /* Build configuration list for PBXNativeTarget "OptimusPrime" */ = {
			isa = XCConfigurationList;
			buildConfigurations = (
				FF0B812822FBACC900C1B094 /* Debug */,
				FF0B812922FBACC900C1B094 /* Release */,
			);
			defaultConfigurationIsVisible = 0;
			defaultConfigurationName = Release;
		};
		FF0B812A22FBACC900C1B094 /* Build configuration list for PBXNativeTarget "OptimusPrimeTests" */ = {
			isa = XCConfigurationList;
			buildConfigurations = (
				FF0B812B22FBACC900C1B094 /* Debug */,
				FF0B812C22FBACC900C1B094 /* Release */,
			);
			defaultConfigurationIsVisible = 0;
			defaultConfigurationName = Release;
		};
/* End XCConfigurationList section */
	};
	rootObject = FF0B80FE22FBACC700C1B094 /* Project object */;
}
