// !$*UTF8*$!
{
	archiveVersion = 1;
	classes = {
	};
	objectVersion = 51;
	objects = {

/* Begin PBXBuildFile section */
		47EC27E8D87FBB1FD4F9A4AE /* Pods_OptimusPrimeTests.framework in Frameworks */ = {isa = PBXBuildFile; fileRef = 24E7B8073C21637471E67366 /* Pods_OptimusPrimeTests.framework */; };
		8C88922EB7A09058F658190F /* Pods_OptimusPrime.framework in Frameworks */ = {isa = PBXBuildFile; fileRef = 6EA5F9EB94E83830529490F1 /* Pods_OptimusPrime.framework */; };
		FF0B810B22FBACC700C1B094 /* AppDelegate.m in Sources */ = {isa = PBXBuildFile; fileRef = FF0B810A22FBACC700C1B094 /* AppDelegate.m */; };
		FF0B810E22FBACC700C1B094 /* ViewController.m in Sources */ = {isa = PBXBuildFile; fileRef = FF0B810D22FBACC700C1B094 /* ViewController.m */; };
		FF0B811122FBACC700C1B094 /* Main.storyboard in Resources */ = {isa = PBXBuildFile; fileRef = FF0B810F22FBACC700C1B094 /* Main.storyboard */; };
		FF0B811322FBACC900C1B094 /* Assets.xcassets in Resources */ = {isa = PBXBuildFile; fileRef = FF0B811222FBACC900C1B094 /* Assets.xcassets */; };
		FF0B811622FBACC900C1B094 /* LaunchScreen.storyboard in Resources */ = {isa = PBXBuildFile; fileRef = FF0B811422FBACC900C1B094 /* LaunchScreen.storyboard */; };
		FF0B811922FBACC900C1B094 /* main.m in Sources */ = {isa = PBXBuildFile; fileRef = FF0B811822FBACC900C1B094 /* main.m */; };
		FF0B812322FBACC900C1B094 /* OptimusPrimeTests.m in Sources */ = {isa = PBXBuildFile; fileRef = FF0B812222FBACC900C1B094 /* OptimusPrimeTests.m */; };
		FF0B813D22FBBE0800C1B094 /* ZBRouter.m in Sources */ = {isa = PBXBuildFile; fileRef = FF0B813C22FBBE0800C1B094 /* ZBRouter.m */; };
		FF0B813E22FBBE0800C1B094 /* ZBRouter.m in Sources */ = {isa = PBXBuildFile; fileRef = FF0B813C22FBBE0800C1B094 /* ZBRouter.m */; };
		FF0B814222FBC06600C1B094 /* ZBObject.m in Sources */ = {isa = PBXBuildFile; fileRef = FF0B814122FBC06600C1B094 /* ZBObject.m */; };
		FF0B814322FBC06600C1B094 /* ZBObject.m in Sources */ = {isa = PBXBuildFile; fileRef = FF0B814122FBC06600C1B094 /* ZBObject.m */; };
		FF0B814622FBC0A400C1B094 /* ZBReflection.m in Sources */ = {isa = PBXBuildFile; fileRef = FF0B814522FBC0A400C1B094 /* ZBReflection.m */; };
		FF0B814722FBC0A400C1B094 /* ZBReflection.m in Sources */ = {isa = PBXBuildFile; fileRef = FF0B814522FBC0A400C1B094 /* ZBReflection.m */; };
		FF0B814A22FBC0C800C1B094 /* ZBEXTRuntimeExtensions.m in Sources */ = {isa = PBXBuildFile; fileRef = FF0B814922FBC0C800C1B094 /* ZBEXTRuntimeExtensions.m */; };
		FF0B814B22FBC0C800C1B094 /* ZBEXTRuntimeExtensions.m in Sources */ = {isa = PBXBuildFile; fileRef = FF0B814922FBC0C800C1B094 /* ZBEXTRuntimeExtensions.m */; };
		FF0B815022FBC11800C1B094 /* NSError+ZBExtension.m in Sources */ = {isa = PBXBuildFile; fileRef = FF0B814F22FBC11800C1B094 /* NSError+ZBExtension.m */; };
		FF0B815122FBC11800C1B094 /* NSError+ZBExtension.m in Sources */ = {isa = PBXBuildFile; fileRef = FF0B814F22FBC11800C1B094 /* NSError+ZBExtension.m */; };
		FF0B815422FBC12400C1B094 /* NSError+ZBModelException.m in Sources */ = {isa = PBXBuildFile; fileRef = FF0B815322FBC12400C1B094 /* NSError+ZBModelException.m */; };
		FF0B815522FBC12400C1B094 /* NSError+ZBModelException.m in Sources */ = {isa = PBXBuildFile; fileRef = FF0B815322FBC12400C1B094 /* NSError+ZBModelException.m */; };
		FF0B815922FBF4CB00C1B094 /* ZBControl.m in Sources */ = {isa = PBXBuildFile; fileRef = FF0B815822FBF4CB00C1B094 /* ZBControl.m */; };
		FF0B815A22FBF4CB00C1B094 /* ZBControl.m in Sources */ = {isa = PBXBuildFile; fileRef = FF0B815822FBF4CB00C1B094 /* ZBControl.m */; };
		FF0B819F22FC001600C1B094 /* ZBButton.m in Sources */ = {isa = PBXBuildFile; fileRef = FF0B819E22FC001600C1B094 /* ZBButton.m */; };
		FF0B81A022FC001600C1B094 /* ZBButton.m in Sources */ = {isa = PBXBuildFile; fileRef = FF0B819E22FC001600C1B094 /* ZBButton.m */; };
		FF0B81A322FC00BF00C1B094 /* ZBImageView.m in Sources */ = {isa = PBXBuildFile; fileRef = FF0B81A222FC00BF00C1B094 /* ZBImageView.m */; };
		FF0B81A422FC00BF00C1B094 /* ZBImageView.m in Sources */ = {isa = PBXBuildFile; fileRef = FF0B81A222FC00BF00C1B094 /* ZBImageView.m */; };
		FF0B81A722FC01D600C1B094 /* ZBTableView.m in Sources */ = {isa = PBXBuildFile; fileRef = FF0B81A622FC01D600C1B094 /* ZBTableView.m */; };
		FF0B81A822FC01D600C1B094 /* ZBTableView.m in Sources */ = {isa = PBXBuildFile; fileRef = FF0B81A622FC01D600C1B094 /* ZBTableView.m */; };
		FF0B81AC22FC03CE00C1B094 /* ZBViewModel.m in Sources */ = {isa = PBXBuildFile; fileRef = FF0B81AB22FC03CE00C1B094 /* ZBViewModel.m */; };
		FF0B81AD22FC03CE00C1B094 /* ZBViewModel.m in Sources */ = {isa = PBXBuildFile; fileRef = FF0B81AB22FC03CE00C1B094 /* ZBViewModel.m */; };
		FF0B81B122FC0B8000C1B094 /* ZBHTTPService.m in Sources */ = {isa = PBXBuildFile; fileRef = FF0B81B022FC0B8000C1B094 /* ZBHTTPService.m */; };
		FF0B81B222FC0B8000C1B094 /* ZBHTTPService.m in Sources */ = {isa = PBXBuildFile; fileRef = FF0B81B022FC0B8000C1B094 /* ZBHTTPService.m */; };
		FF0B81B922FC0C2200C1B094 /* ZBHTTPResponse.m in Sources */ = {isa = PBXBuildFile; fileRef = FF0B81B822FC0C2200C1B094 /* ZBHTTPResponse.m */; };
		FF0B81BA22FC0C2200C1B094 /* ZBHTTPResponse.m in Sources */ = {isa = PBXBuildFile; fileRef = FF0B81B822FC0C2200C1B094 /* ZBHTTPResponse.m */; };
		FF0B81C022FC0F2B00C1B094 /* RACSignal+ZBHTTPServiceAdditions.m in Sources */ = {isa = PBXBuildFile; fileRef = FF0B81BF22FC0F2B00C1B094 /* RACSignal+ZBHTTPServiceAdditions.m */; };
		FF0B81C122FC0F2B00C1B094 /* RACSignal+ZBHTTPServiceAdditions.m in Sources */ = {isa = PBXBuildFile; fileRef = FF0B81BF22FC0F2B00C1B094 /* RACSignal+ZBHTTPServiceAdditions.m */; };
		FF0B81C422FC0F4300C1B094 /* AFHTTPSessionManager+RACSupport.m in Sources */ = {isa = PBXBuildFile; fileRef = FF0B81C322FC0F4300C1B094 /* AFHTTPSessionManager+RACSupport.m */; };
		FF0B81C522FC0F4300C1B094 /* AFHTTPSessionManager+RACSupport.m in Sources */ = {isa = PBXBuildFile; fileRef = FF0B81C322FC0F4300C1B094 /* AFHTTPSessionManager+RACSupport.m */; };
		FF0B81C822FC0F6500C1B094 /* RACSubscriber+AFProgressCallbacks.m in Sources */ = {isa = PBXBuildFile; fileRef = FF0B81C722FC0F6500C1B094 /* RACSubscriber+AFProgressCallbacks.m */; };
		FF0B81C922FC0F6500C1B094 /* RACSubscriber+AFProgressCallbacks.m in Sources */ = {isa = PBXBuildFile; fileRef = FF0B81C722FC0F6500C1B094 /* RACSubscriber+AFProgressCallbacks.m */; };
		FF0B81CC22FC171800C1B094 /* ZBKeyedSubscript.m in Sources */ = {isa = PBXBuildFile; fileRef = FF0B81CB22FC171800C1B094 /* ZBKeyedSubscript.m */; };
		FF0B81CD22FC171800C1B094 /* ZBKeyedSubscript.m in Sources */ = {isa = PBXBuildFile; fileRef = FF0B81CB22FC171800C1B094 /* ZBKeyedSubscript.m */; };
		FF0B81D022FC172600C1B094 /* ZBHTTPRequest.m in Sources */ = {isa = PBXBuildFile; fileRef = FF0B81CF22FC172600C1B094 /* ZBHTTPRequest.m */; };
		FF0B81D122FC172600C1B094 /* ZBHTTPRequest.m in Sources */ = {isa = PBXBuildFile; fileRef = FF0B81CF22FC172600C1B094 /* ZBHTTPRequest.m */; };
		FF0B81D422FC173500C1B094 /* ZBURLParameters.m in Sources */ = {isa = PBXBuildFile; fileRef = FF0B81D322FC173500C1B094 /* ZBURLParameters.m */; };
		FF0B81D522FC173500C1B094 /* ZBURLParameters.m in Sources */ = {isa = PBXBuildFile; fileRef = FF0B81D322FC173500C1B094 /* ZBURLParameters.m */; };
		FF0B81DD22FC269700C1B094 /* ZBUser.m in Sources */ = {isa = PBXBuildFile; fileRef = FF0B81DC22FC269700C1B094 /* ZBUser.m */; };
		FF0B81DE22FC269700C1B094 /* ZBUser.m in Sources */ = {isa = PBXBuildFile; fileRef = FF0B81DC22FC269700C1B094 /* ZBUser.m */; };
		FFE4A3AC22FD16250022D2A1 /* NSObject+ZBAlert.m in Sources */ = {isa = PBXBuildFile; fileRef = FFE4A3AB22FD16250022D2A1 /* NSObject+ZBAlert.m */; };
		FFE4A3AD22FD16250022D2A1 /* NSObject+ZBAlert.m in Sources */ = {isa = PBXBuildFile; fileRef = FFE4A3AB22FD16250022D2A1 /* NSObject+ZBAlert.m */; };
		FFE4A3B022FD16CA0022D2A1 /* NSObject+ZBExtension.m in Sources */ = {isa = PBXBuildFile; fileRef = FFE4A3AF22FD16CA0022D2A1 /* NSObject+ZBExtension.m */; };
		FFE4A3B122FD16CA0022D2A1 /* NSObject+ZBExtension.m in Sources */ = {isa = PBXBuildFile; fileRef = FFE4A3AF22FD16CA0022D2A1 /* NSObject+ZBExtension.m */; };
		FFE4A3B522FD1A600022D2A1 /* ZBControllerHelper.m in Sources */ = {isa = PBXBuildFile; fileRef = FFE4A3B422FD1A600022D2A1 /* ZBControllerHelper.m */; };
		FFE4A3B622FD1A600022D2A1 /* ZBControllerHelper.m in Sources */ = {isa = PBXBuildFile; fileRef = FFE4A3B422FD1A600022D2A1 /* ZBControllerHelper.m */; };
		FFE4A3B922FD1AC70022D2A1 /* ZBViewController.m in Sources */ = {isa = PBXBuildFile; fileRef = FFE4A3B822FD1AC70022D2A1 /* ZBViewController.m */; };
		FFE4A3BA22FD1AC70022D2A1 /* ZBViewController.m in Sources */ = {isa = PBXBuildFile; fileRef = FFE4A3B822FD1AC70022D2A1 /* ZBViewController.m */; };
		FFE4A3BD22FD1D7E0022D2A1 /* NSAttributedString+ZBSize.m in Sources */ = {isa = PBXBuildFile; fileRef = FFE4A3BC22FD1D7E0022D2A1 /* NSAttributedString+ZBSize.m */; };
		FFE4A3BE22FD1D7E0022D2A1 /* NSAttributedString+ZBSize.m in Sources */ = {isa = PBXBuildFile; fileRef = FFE4A3BC22FD1D7E0022D2A1 /* NSAttributedString+ZBSize.m */; };
		FFE4A3C122FD1D9C0022D2A1 /* NSString+ZBSize.m in Sources */ = {isa = PBXBuildFile; fileRef = FFE4A3C022FD1D9C0022D2A1 /* NSString+ZBSize.m */; };
		FFE4A3C222FD1D9C0022D2A1 /* NSString+ZBSize.m in Sources */ = {isa = PBXBuildFile; fileRef = FFE4A3C022FD1D9C0022D2A1 /* NSString+ZBSize.m */; };
		FFE4A3C522FD1DA90022D2A1 /* NSString+ZBValid.m in Sources */ = {isa = PBXBuildFile; fileRef = FFE4A3C422FD1DA90022D2A1 /* NSString+ZBValid.m */; };
		FFE4A3C622FD1DA90022D2A1 /* NSString+ZBValid.m in Sources */ = {isa = PBXBuildFile; fileRef = FFE4A3C422FD1DA90022D2A1 /* NSString+ZBValid.m */; };
		FFE4A3C922FD1DBB0022D2A1 /* NSString+ZBExtension.m in Sources */ = {isa = PBXBuildFile; fileRef = FFE4A3C822FD1DBB0022D2A1 /* NSString+ZBExtension.m */; };
		FFE4A3CA22FD1DBB0022D2A1 /* NSString+ZBExtension.m in Sources */ = {isa = PBXBuildFile; fileRef = FFE4A3C822FD1DBB0022D2A1 /* NSString+ZBExtension.m */; };
		FFE4A40E22FD4E0A0022D2A1 /* YYWeakProxy.m in Sources */ = {isa = PBXBuildFile; fileRef = FFE4A3FE22FD4E0A0022D2A1 /* YYWeakProxy.m */; };
		FFE4A40F22FD4E0A0022D2A1 /* YYWeakProxy.m in Sources */ = {isa = PBXBuildFile; fileRef = FFE4A3FE22FD4E0A0022D2A1 /* YYWeakProxy.m */; };
		FFE4A41022FD4E0A0022D2A1 /* YYThreadSafeDictionary.m in Sources */ = {isa = PBXBuildFile; fileRef = FFE4A40022FD4E0A0022D2A1 /* YYThreadSafeDictionary.m */; };
		FFE4A41122FD4E0A0022D2A1 /* YYThreadSafeDictionary.m in Sources */ = {isa = PBXBuildFile; fileRef = FFE4A40022FD4E0A0022D2A1 /* YYThreadSafeDictionary.m */; };
		FFE4A41222FD4E0A0022D2A1 /* YYKeychain.m in Sources */ = {isa = PBXBuildFile; fileRef = FFE4A40822FD4E0A0022D2A1 /* YYKeychain.m */; };
		FFE4A41322FD4E0A0022D2A1 /* YYKeychain.m in Sources */ = {isa = PBXBuildFile; fileRef = FFE4A40822FD4E0A0022D2A1 /* YYKeychain.m */; };
		FFE4A41422FD4E0A0022D2A1 /* YYGestureRecognizer.m in Sources */ = {isa = PBXBuildFile; fileRef = FFE4A40922FD4E0A0022D2A1 /* YYGestureRecognizer.m */; };
		FFE4A41522FD4E0A0022D2A1 /* YYGestureRecognizer.m in Sources */ = {isa = PBXBuildFile; fileRef = FFE4A40922FD4E0A0022D2A1 /* YYGestureRecognizer.m */; };
		FFE4A41622FD4E0A0022D2A1 /* YYFileHash.m in Sources */ = {isa = PBXBuildFile; fileRef = FFE4A40A22FD4E0A0022D2A1 /* YYFileHash.m */; };
		FFE4A41722FD4E0A0022D2A1 /* YYFileHash.m in Sources */ = {isa = PBXBuildFile; fileRef = FFE4A40A22FD4E0A0022D2A1 /* YYFileHash.m */; };
		FFE4A41822FD4E0A0022D2A1 /* YYTimer.m in Sources */ = {isa = PBXBuildFile; fileRef = FFE4A40B22FD4E0A0022D2A1 /* YYTimer.m */; };
		FFE4A41922FD4E0A0022D2A1 /* YYTimer.m in Sources */ = {isa = PBXBuildFile; fileRef = FFE4A40B22FD4E0A0022D2A1 /* YYTimer.m */; };
		FFE4A41A22FD4E0A0022D2A1 /* YYThreadSafeArray.m in Sources */ = {isa = PBXBuildFile; fileRef = FFE4A40C22FD4E0A0022D2A1 /* YYThreadSafeArray.m */; };
		FFE4A41B22FD4E0A0022D2A1 /* YYThreadSafeArray.m in Sources */ = {isa = PBXBuildFile; fileRef = FFE4A40C22FD4E0A0022D2A1 /* YYThreadSafeArray.m */; };
		FFE4A41C22FD4E0A0022D2A1 /* YYReachability.m in Sources */ = {isa = PBXBuildFile; fileRef = FFE4A40D22FD4E0A0022D2A1 /* YYReachability.m */; };
		FFE4A41D22FD4E0A0022D2A1 /* YYReachability.m in Sources */ = {isa = PBXBuildFile; fileRef = FFE4A40D22FD4E0A0022D2A1 /* YYReachability.m */; };
/* End PBXBuildFile section */

/* Begin PBXContainerItemProxy section */
		FF0B811F22FBACC900C1B094 /* PBXContainerItemProxy */ = {
			isa = PBXContainerItemProxy;
			containerPortal = FF0B80FE22FBACC700C1B094 /* Project object */;
			proxyType = 1;
			remoteGlobalIDString = FF0B810522FBACC700C1B094;
			remoteInfo = OptimusPrime;
		};
/* End PBXContainerItemProxy section */

/* Begin PBXFileReference section */
		0EF605577D552F5D408F7385 /* Pods-OptimusPrimeTests.debug.xcconfig */ = {isa = PBXFileReference; includeInIndex = 1; lastKnownFileType = text.xcconfig; name = "Pods-OptimusPrimeTests.debug.xcconfig"; path = "Target Support Files/Pods-OptimusPrimeTests/Pods-OptimusPrimeTests.debug.xcconfig"; sourceTree = "<group>"; };
		24E7B8073C21637471E67366 /* Pods_OptimusPrimeTests.framework */ = {isa = PBXFileReference; explicitFileType = wrapper.framework; includeInIndex = 0; path = Pods_OptimusPrimeTests.framework; sourceTree = BUILT_PRODUCTS_DIR; };
		5B6104A1683F2EC1754A9B03 /* Pods-OptimusPrime.debug.xcconfig */ = {isa = PBXFileReference; includeInIndex = 1; lastKnownFileType = text.xcconfig; name = "Pods-OptimusPrime.debug.xcconfig"; path = "Target Support Files/Pods-OptimusPrime/Pods-OptimusPrime.debug.xcconfig"; sourceTree = "<group>"; };
		6EA5F9EB94E83830529490F1 /* Pods_OptimusPrime.framework */ = {isa = PBXFileReference; explicitFileType = wrapper.framework; includeInIndex = 0; path = Pods_OptimusPrime.framework; sourceTree = BUILT_PRODUCTS_DIR; };
		9E57E5BF46224E0D079DF3F7 /* Pods-OptimusPrimeTests.release.xcconfig */ = {isa = PBXFileReference; includeInIndex = 1; lastKnownFileType = text.xcconfig; name = "Pods-OptimusPrimeTests.release.xcconfig"; path = "Target Support Files/Pods-OptimusPrimeTests/Pods-OptimusPrimeTests.release.xcconfig"; sourceTree = "<group>"; };
		A08AA2B9646D4574D8ED1EF2 /* Pods-OptimusPrime.release.xcconfig */ = {isa = PBXFileReference; includeInIndex = 1; lastKnownFileType = text.xcconfig; name = "Pods-OptimusPrime.release.xcconfig"; path = "Target Support Files/Pods-OptimusPrime/Pods-OptimusPrime.release.xcconfig"; sourceTree = "<group>"; };
		FF0B810622FBACC700C1B094 /* OptimusPrime.app */ = {isa = PBXFileReference; explicitFileType = wrapper.application; includeInIndex = 0; path = OptimusPrime.app; sourceTree = BUILT_PRODUCTS_DIR; };
		FF0B810922FBACC700C1B094 /* AppDelegate.h */ = {isa = PBXFileReference; lastKnownFileType = sourcecode.c.h; path = AppDelegate.h; sourceTree = "<group>"; };
		FF0B810A22FBACC700C1B094 /* AppDelegate.m */ = {isa = PBXFileReference; lastKnownFileType = sourcecode.c.objc; path = AppDelegate.m; sourceTree = "<group>"; };
		FF0B810C22FBACC700C1B094 /* ViewController.h */ = {isa = PBXFileReference; lastKnownFileType = sourcecode.c.h; path = ViewController.h; sourceTree = "<group>"; };
		FF0B810D22FBACC700C1B094 /* ViewController.m */ = {isa = PBXFileReference; lastKnownFileType = sourcecode.c.objc; path = ViewController.m; sourceTree = "<group>"; };
		FF0B811022FBACC700C1B094 /* Base */ = {isa = PBXFileReference; lastKnownFileType = file.storyboard; name = Base; path = Base.lproj/Main.storyboard; sourceTree = "<group>"; };
		FF0B811222FBACC900C1B094 /* Assets.xcassets */ = {isa = PBXFileReference; lastKnownFileType = folder.assetcatalog; path = Assets.xcassets; sourceTree = "<group>"; };
		FF0B811522FBACC900C1B094 /* Base */ = {isa = PBXFileReference; lastKnownFileType = file.storyboard; name = Base; path = Base.lproj/LaunchScreen.storyboard; sourceTree = "<group>"; };
		FF0B811722FBACC900C1B094 /* Info.plist */ = {isa = PBXFileReference; lastKnownFileType = text.plist.xml; path = Info.plist; sourceTree = "<group>"; };
		FF0B811822FBACC900C1B094 /* main.m */ = {isa = PBXFileReference; lastKnownFileType = sourcecode.c.objc; path = main.m; sourceTree = "<group>"; };
		FF0B811E22FBACC900C1B094 /* OptimusPrimeTests.xctest */ = {isa = PBXFileReference; explicitFileType = wrapper.cfbundle; includeInIndex = 0; path = OptimusPrimeTests.xctest; sourceTree = BUILT_PRODUCTS_DIR; };
		FF0B812222FBACC900C1B094 /* OptimusPrimeTests.m */ = {isa = PBXFileReference; lastKnownFileType = sourcecode.c.objc; path = OptimusPrimeTests.m; sourceTree = "<group>"; };
		FF0B812422FBACC900C1B094 /* Info.plist */ = {isa = PBXFileReference; lastKnownFileType = text.plist.xml; path = Info.plist; sourceTree = "<group>"; };
		FF0B813B22FBBE0800C1B094 /* ZBRouter.h */ = {isa = PBXFileReference; lastKnownFileType = sourcecode.c.h; path = ZBRouter.h; sourceTree = "<group>"; };
		FF0B813C22FBBE0800C1B094 /* ZBRouter.m */ = {isa = PBXFileReference; lastKnownFileType = sourcecode.c.objc; path = ZBRouter.m; sourceTree = "<group>"; };
		FF0B813F22FBBEF600C1B094 /* OptimusPrime.pch */ = {isa = PBXFileReference; lastKnownFileType = sourcecode.c.h; path = OptimusPrime.pch; sourceTree = "<group>"; };
		FF0B814022FBC06600C1B094 /* ZBObject.h */ = {isa = PBXFileReference; lastKnownFileType = sourcecode.c.h; path = ZBObject.h; sourceTree = "<group>"; };
		FF0B814122FBC06600C1B094 /* ZBObject.m */ = {isa = PBXFileReference; lastKnownFileType = sourcecode.c.objc; path = ZBObject.m; sourceTree = "<group>"; };
		FF0B814422FBC0A400C1B094 /* ZBReflection.h */ = {isa = PBXFileReference; lastKnownFileType = sourcecode.c.h; path = ZBReflection.h; sourceTree = "<group>"; };
		FF0B814522FBC0A400C1B094 /* ZBReflection.m */ = {isa = PBXFileReference; lastKnownFileType = sourcecode.c.objc; path = ZBReflection.m; sourceTree = "<group>"; };
		FF0B814822FBC0C800C1B094 /* ZBEXTRuntimeExtensions.h */ = {isa = PBXFileReference; lastKnownFileType = sourcecode.c.h; path = ZBEXTRuntimeExtensions.h; sourceTree = "<group>"; };
		FF0B814922FBC0C800C1B094 /* ZBEXTRuntimeExtensions.m */ = {isa = PBXFileReference; lastKnownFileType = sourcecode.c.objc; path = ZBEXTRuntimeExtensions.m; sourceTree = "<group>"; };
		FF0B814E22FBC11800C1B094 /* NSError+ZBExtension.h */ = {isa = PBXFileReference; lastKnownFileType = sourcecode.c.h; path = "NSError+ZBExtension.h"; sourceTree = "<group>"; };
		FF0B814F22FBC11800C1B094 /* NSError+ZBExtension.m */ = {isa = PBXFileReference; lastKnownFileType = sourcecode.c.objc; path = "NSError+ZBExtension.m"; sourceTree = "<group>"; };
		FF0B815222FBC12400C1B094 /* NSError+ZBModelException.h */ = {isa = PBXFileReference; lastKnownFileType = sourcecode.c.h; path = "NSError+ZBModelException.h"; sourceTree = "<group>"; };
		FF0B815322FBC12400C1B094 /* NSError+ZBModelException.m */ = {isa = PBXFileReference; lastKnownFileType = sourcecode.c.objc; path = "NSError+ZBModelException.m"; sourceTree = "<group>"; };
		FF0B815722FBF4CB00C1B094 /* ZBControl.h */ = {isa = PBXFileReference; lastKnownFileType = sourcecode.c.h; path = ZBControl.h; sourceTree = "<group>"; };
		FF0B815822FBF4CB00C1B094 /* ZBControl.m */ = {isa = PBXFileReference; lastKnownFileType = sourcecode.c.objc; path = ZBControl.m; sourceTree = "<group>"; };
		FF0B819D22FC001600C1B094 /* ZBButton.h */ = {isa = PBXFileReference; lastKnownFileType = sourcecode.c.h; path = ZBButton.h; sourceTree = "<group>"; };
		FF0B819E22FC001600C1B094 /* ZBButton.m */ = {isa = PBXFileReference; lastKnownFileType = sourcecode.c.objc; path = ZBButton.m; sourceTree = "<group>"; };
		FF0B81A122FC00BF00C1B094 /* ZBImageView.h */ = {isa = PBXFileReference; lastKnownFileType = sourcecode.c.h; path = ZBImageView.h; sourceTree = "<group>"; };
		FF0B81A222FC00BF00C1B094 /* ZBImageView.m */ = {isa = PBXFileReference; lastKnownFileType = sourcecode.c.objc; path = ZBImageView.m; sourceTree = "<group>"; };
		FF0B81A522FC01D600C1B094 /* ZBTableView.h */ = {isa = PBXFileReference; lastKnownFileType = sourcecode.c.h; path = ZBTableView.h; sourceTree = "<group>"; };
		FF0B81A622FC01D600C1B094 /* ZBTableView.m */ = {isa = PBXFileReference; lastKnownFileType = sourcecode.c.objc; path = ZBTableView.m; sourceTree = "<group>"; };
		FF0B81AA22FC03CE00C1B094 /* ZBViewModel.h */ = {isa = PBXFileReference; lastKnownFileType = sourcecode.c.h; path = ZBViewModel.h; sourceTree = "<group>"; };
		FF0B81AB22FC03CE00C1B094 /* ZBViewModel.m */ = {isa = PBXFileReference; lastKnownFileType = sourcecode.c.objc; path = ZBViewModel.m; sourceTree = "<group>"; };
		FF0B81AF22FC0B8000C1B094 /* ZBHTTPService.h */ = {isa = PBXFileReference; lastKnownFileType = sourcecode.c.h; path = ZBHTTPService.h; sourceTree = "<group>"; };
		FF0B81B022FC0B8000C1B094 /* ZBHTTPService.m */ = {isa = PBXFileReference; lastKnownFileType = sourcecode.c.objc; path = ZBHTTPService.m; sourceTree = "<group>"; };
		FF0B81B722FC0C2200C1B094 /* ZBHTTPResponse.h */ = {isa = PBXFileReference; lastKnownFileType = sourcecode.c.h; path = ZBHTTPResponse.h; sourceTree = "<group>"; };
		FF0B81B822FC0C2200C1B094 /* ZBHTTPResponse.m */ = {isa = PBXFileReference; lastKnownFileType = sourcecode.c.objc; path = ZBHTTPResponse.m; sourceTree = "<group>"; };
		FF0B81BB22FC0CE800C1B094 /* ZBHTTPServiceConstant.h */ = {isa = PBXFileReference; lastKnownFileType = sourcecode.c.h; path = ZBHTTPServiceConstant.h; sourceTree = "<group>"; };
		FF0B81BE22FC0F2B00C1B094 /* RACSignal+ZBHTTPServiceAdditions.h */ = {isa = PBXFileReference; lastKnownFileType = sourcecode.c.h; path = "RACSignal+ZBHTTPServiceAdditions.h"; sourceTree = "<group>"; };
		FF0B81BF22FC0F2B00C1B094 /* RACSignal+ZBHTTPServiceAdditions.m */ = {isa = PBXFileReference; lastKnownFileType = sourcecode.c.objc; path = "RACSignal+ZBHTTPServiceAdditions.m"; sourceTree = "<group>"; };
		FF0B81C222FC0F4300C1B094 /* AFHTTPSessionManager+RACSupport.h */ = {isa = PBXFileReference; lastKnownFileType = sourcecode.c.h; path = "AFHTTPSessionManager+RACSupport.h"; sourceTree = "<group>"; };
		FF0B81C322FC0F4300C1B094 /* AFHTTPSessionManager+RACSupport.m */ = {isa = PBXFileReference; lastKnownFileType = sourcecode.c.objc; path = "AFHTTPSessionManager+RACSupport.m"; sourceTree = "<group>"; };
		FF0B81C622FC0F6500C1B094 /* RACSubscriber+AFProgressCallbacks.h */ = {isa = PBXFileReference; lastKnownFileType = sourcecode.c.h; path = "RACSubscriber+AFProgressCallbacks.h"; sourceTree = "<group>"; };
		FF0B81C722FC0F6500C1B094 /* RACSubscriber+AFProgressCallbacks.m */ = {isa = PBXFileReference; lastKnownFileType = sourcecode.c.objc; path = "RACSubscriber+AFProgressCallbacks.m"; sourceTree = "<group>"; };
		FF0B81CA22FC171800C1B094 /* ZBKeyedSubscript.h */ = {isa = PBXFileReference; lastKnownFileType = sourcecode.c.h; path = ZBKeyedSubscript.h; sourceTree = "<group>"; };
		FF0B81CB22FC171800C1B094 /* ZBKeyedSubscript.m */ = {isa = PBXFileReference; lastKnownFileType = sourcecode.c.objc; path = ZBKeyedSubscript.m; sourceTree = "<group>"; };
		FF0B81CE22FC172600C1B094 /* ZBHTTPRequest.h */ = {isa = PBXFileReference; lastKnownFileType = sourcecode.c.h; path = ZBHTTPRequest.h; sourceTree = "<group>"; };
		FF0B81CF22FC172600C1B094 /* ZBHTTPRequest.m */ = {isa = PBXFileReference; lastKnownFileType = sourcecode.c.objc; path = ZBHTTPRequest.m; sourceTree = "<group>"; };
		FF0B81D222FC173500C1B094 /* ZBURLParameters.h */ = {isa = PBXFileReference; lastKnownFileType = sourcecode.c.h; path = ZBURLParameters.h; sourceTree = "<group>"; };
		FF0B81D322FC173500C1B094 /* ZBURLParameters.m */ = {isa = PBXFileReference; lastKnownFileType = sourcecode.c.objc; path = ZBURLParameters.m; sourceTree = "<group>"; };
		FF0B81D622FC1B0800C1B094 /* ZBURLConfigure.h */ = {isa = PBXFileReference; lastKnownFileType = sourcecode.c.h; path = ZBURLConfigure.h; sourceTree = "<group>"; };
		FF0B81DB22FC269700C1B094 /* ZBUser.h */ = {isa = PBXFileReference; lastKnownFileType = sourcecode.c.h; path = ZBUser.h; sourceTree = "<group>"; };
		FF0B81DC22FC269700C1B094 /* ZBUser.m */ = {isa = PBXFileReference; lastKnownFileType = sourcecode.c.objc; path = ZBUser.m; sourceTree = "<group>"; };
		FF0B81E022FC2AE100C1B094 /* ZBConstInline.h */ = {isa = PBXFileReference; lastKnownFileType = sourcecode.c.h; path = ZBConstInline.h; sourceTree = "<group>"; };
		FFE4A3A522FD0A390022D2A1 /* ZBMacros.h */ = {isa = PBXFileReference; lastKnownFileType = sourcecode.c.h; path = ZBMacros.h; sourceTree = "<group>"; };
		FFE4A3A922FD16110022D2A1 /* NSObject+ZB.h */ = {isa = PBXFileReference; lastKnownFileType = sourcecode.c.h; path = "NSObject+ZB.h"; sourceTree = "<group>"; };
		FFE4A3AA22FD16250022D2A1 /* NSObject+ZBAlert.h */ = {isa = PBXFileReference; lastKnownFileType = sourcecode.c.h; path = "NSObject+ZBAlert.h"; sourceTree = "<group>"; };
		FFE4A3AB22FD16250022D2A1 /* NSObject+ZBAlert.m */ = {isa = PBXFileReference; lastKnownFileType = sourcecode.c.objc; path = "NSObject+ZBAlert.m"; sourceTree = "<group>"; };
		FFE4A3AE22FD16CA0022D2A1 /* NSObject+ZBExtension.h */ = {isa = PBXFileReference; lastKnownFileType = sourcecode.c.h; path = "NSObject+ZBExtension.h"; sourceTree = "<group>"; };
		FFE4A3AF22FD16CA0022D2A1 /* NSObject+ZBExtension.m */ = {isa = PBXFileReference; lastKnownFileType = sourcecode.c.objc; path = "NSObject+ZBExtension.m"; sourceTree = "<group>"; };
		FFE4A3B322FD1A600022D2A1 /* ZBControllerHelper.h */ = {isa = PBXFileReference; lastKnownFileType = sourcecode.c.h; path = ZBControllerHelper.h; sourceTree = "<group>"; };
		FFE4A3B422FD1A600022D2A1 /* ZBControllerHelper.m */ = {isa = PBXFileReference; lastKnownFileType = sourcecode.c.objc; path = ZBControllerHelper.m; sourceTree = "<group>"; };
		FFE4A3B722FD1AC70022D2A1 /* ZBViewController.h */ = {isa = PBXFileReference; lastKnownFileType = sourcecode.c.h; path = ZBViewController.h; sourceTree = "<group>"; };
		FFE4A3B822FD1AC70022D2A1 /* ZBViewController.m */ = {isa = PBXFileReference; lastKnownFileType = sourcecode.c.objc; path = ZBViewController.m; sourceTree = "<group>"; };
		FFE4A3BB22FD1D7E0022D2A1 /* NSAttributedString+ZBSize.h */ = {isa = PBXFileReference; lastKnownFileType = sourcecode.c.h; path = "NSAttributedString+ZBSize.h"; sourceTree = "<group>"; };
		FFE4A3BC22FD1D7E0022D2A1 /* NSAttributedString+ZBSize.m */ = {isa = PBXFileReference; lastKnownFileType = sourcecode.c.objc; path = "NSAttributedString+ZBSize.m"; sourceTree = "<group>"; };
		FFE4A3BF22FD1D9C0022D2A1 /* NSString+ZBSize.h */ = {isa = PBXFileReference; lastKnownFileType = sourcecode.c.h; path = "NSString+ZBSize.h"; sourceTree = "<group>"; };
		FFE4A3C022FD1D9C0022D2A1 /* NSString+ZBSize.m */ = {isa = PBXFileReference; lastKnownFileType = sourcecode.c.objc; path = "NSString+ZBSize.m"; sourceTree = "<group>"; };
		FFE4A3C322FD1DA90022D2A1 /* NSString+ZBValid.h */ = {isa = PBXFileReference; lastKnownFileType = sourcecode.c.h; path = "NSString+ZBValid.h"; sourceTree = "<group>"; };
		FFE4A3C422FD1DA90022D2A1 /* NSString+ZBValid.m */ = {isa = PBXFileReference; lastKnownFileType = sourcecode.c.objc; path = "NSString+ZBValid.m"; sourceTree = "<group>"; };
		FFE4A3C722FD1DBB0022D2A1 /* NSString+ZBExtension.h */ = {isa = PBXFileReference; lastKnownFileType = sourcecode.c.h; path = "NSString+ZBExtension.h"; sourceTree = "<group>"; };
		FFE4A3C822FD1DBB0022D2A1 /* NSString+ZBExtension.m */ = {isa = PBXFileReference; lastKnownFileType = sourcecode.c.objc; path = "NSString+ZBExtension.m"; sourceTree = "<group>"; };
		FFE4A3CB22FD4BAF0022D2A1 /* NSString+ZB.h */ = {isa = PBXFileReference; lastKnownFileType = sourcecode.c.h; path = "NSString+ZB.h"; sourceTree = "<group>"; };
		FFE4A3FE22FD4E0A0022D2A1 /* YYWeakProxy.m */ = {isa = PBXFileReference; fileEncoding = 4; lastKnownFileType = sourcecode.c.objc; path = YYWeakProxy.m; sourceTree = "<group>"; };
		FFE4A3FF22FD4E0A0022D2A1 /* YYKeychain.h */ = {isa = PBXFileReference; fileEncoding = 4; lastKnownFileType = sourcecode.c.h; path = YYKeychain.h; sourceTree = "<group>"; };
		FFE4A40022FD4E0A0022D2A1 /* YYThreadSafeDictionary.m */ = {isa = PBXFileReference; fileEncoding = 4; lastKnownFileType = sourcecode.c.objc; path = YYThreadSafeDictionary.m; sourceTree = "<group>"; };
		FFE4A40122FD4E0A0022D2A1 /* YYFileHash.h */ = {isa = PBXFileReference; fileEncoding = 4; lastKnownFileType = sourcecode.c.h; path = YYFileHash.h; sourceTree = "<group>"; };
		FFE4A40222FD4E0A0022D2A1 /* YYGestureRecognizer.h */ = {isa = PBXFileReference; fileEncoding = 4; lastKnownFileType = sourcecode.c.h; path = YYGestureRecognizer.h; sourceTree = "<group>"; };
		FFE4A40322FD4E0A0022D2A1 /* YYReachability.h */ = {isa = PBXFileReference; fileEncoding = 4; lastKnownFileType = sourcecode.c.h; path = YYReachability.h; sourceTree = "<group>"; };
		FFE4A40422FD4E0A0022D2A1 /* YYThreadSafeArray.h */ = {isa = PBXFileReference; fileEncoding = 4; lastKnownFileType = sourcecode.c.h; path = YYThreadSafeArray.h; sourceTree = "<group>"; };
		FFE4A40522FD4E0A0022D2A1 /* YYTimer.h */ = {isa = PBXFileReference; fileEncoding = 4; lastKnownFileType = sourcecode.c.h; path = YYTimer.h; sourceTree = "<group>"; };
		FFE4A40622FD4E0A0022D2A1 /* YYWeakProxy.h */ = {isa = PBXFileReference; fileEncoding = 4; lastKnownFileType = sourcecode.c.h; path = YYWeakProxy.h; sourceTree = "<group>"; };
		FFE4A40722FD4E0A0022D2A1 /* YYThreadSafeDictionary.h */ = {isa = PBXFileReference; fileEncoding = 4; lastKnownFileType = sourcecode.c.h; path = YYThreadSafeDictionary.h; sourceTree = "<group>"; };
		FFE4A40822FD4E0A0022D2A1 /* YYKeychain.m */ = {isa = PBXFileReference; fileEncoding = 4; lastKnownFileType = sourcecode.c.objc; path = YYKeychain.m; sourceTree = "<group>"; };
		FFE4A40922FD4E0A0022D2A1 /* YYGestureRecognizer.m */ = {isa = PBXFileReference; fileEncoding = 4; lastKnownFileType = sourcecode.c.objc; path = YYGestureRecognizer.m; sourceTree = "<group>"; };
		FFE4A40A22FD4E0A0022D2A1 /* YYFileHash.m */ = {isa = PBXFileReference; fileEncoding = 4; lastKnownFileType = sourcecode.c.objc; path = YYFileHash.m; sourceTree = "<group>"; };
		FFE4A40B22FD4E0A0022D2A1 /* YYTimer.m */ = {isa = PBXFileReference; fileEncoding = 4; lastKnownFileType = sourcecode.c.objc; path = YYTimer.m; sourceTree = "<group>"; };
		FFE4A40C22FD4E0A0022D2A1 /* YYThreadSafeArray.m */ = {isa = PBXFileReference; fileEncoding = 4; lastKnownFileType = sourcecode.c.objc; path = YYThreadSafeArray.m; sourceTree = "<group>"; };
		FFE4A40D22FD4E0A0022D2A1 /* YYReachability.m */ = {isa = PBXFileReference; fileEncoding = 4; lastKnownFileType = sourcecode.c.objc; path = YYReachability.m; sourceTree = "<group>"; };
/* End PBXFileReference section */

/* Begin PBXFrameworksBuildPhase section */
		FF0B810322FBACC700C1B094 /* Frameworks */ = {
			isa = PBXFrameworksBuildPhase;
			buildActionMask = 2147483647;
			files = (
				8C88922EB7A09058F658190F /* Pods_OptimusPrime.framework in Frameworks */,
			);
			runOnlyForDeploymentPostprocessing = 0;
		};
		FF0B811B22FBACC900C1B094 /* Frameworks */ = {
			isa = PBXFrameworksBuildPhase;
			buildActionMask = 2147483647;
			files = (
				47EC27E8D87FBB1FD4F9A4AE /* Pods_OptimusPrimeTests.framework in Frameworks */,
			);
			runOnlyForDeploymentPostprocessing = 0;
		};
/* End PBXFrameworksBuildPhase section */

/* Begin PBXGroup section */
		73B26BDC6D7BD1E499BE8E81 /* Pods */ = {
			isa = PBXGroup;
			children = (
				5B6104A1683F2EC1754A9B03 /* Pods-OptimusPrime.debug.xcconfig */,
				A08AA2B9646D4574D8ED1EF2 /* Pods-OptimusPrime.release.xcconfig */,
				0EF605577D552F5D408F7385 /* Pods-OptimusPrimeTests.debug.xcconfig */,
				9E57E5BF46224E0D079DF3F7 /* Pods-OptimusPrimeTests.release.xcconfig */,
			);
			path = Pods;
			sourceTree = "<group>";
		};
		9C6F79DAA5A68CF2E318C2C4 /* Frameworks */ = {
			isa = PBXGroup;
			children = (
				6EA5F9EB94E83830529490F1 /* Pods_OptimusPrime.framework */,
				24E7B8073C21637471E67366 /* Pods_OptimusPrimeTests.framework */,
			);
			name = Frameworks;
			sourceTree = "<group>";
		};
		FF0B80FD22FBACC700C1B094 = {
			isa = PBXGroup;
			children = (
				FF0B810822FBACC700C1B094 /* OptimusPrime */,
				FF0B812122FBACC900C1B094 /* OptimusPrimeTests */,
				FF0B810722FBACC700C1B094 /* Products */,
				73B26BDC6D7BD1E499BE8E81 /* Pods */,
				9C6F79DAA5A68CF2E318C2C4 /* Frameworks */,
			);
			sourceTree = "<group>";
		};
		FF0B810722FBACC700C1B094 /* Products */ = {
			isa = PBXGroup;
			children = (
				FF0B810622FBACC700C1B094 /* OptimusPrime.app */,
				FF0B811E22FBACC900C1B094 /* OptimusPrimeTests.xctest */,
			);
			name = Products;
			sourceTree = "<group>";
		};
		FF0B810822FBACC700C1B094 /* OptimusPrime */ = {
			isa = PBXGroup;
			children = (
				FF0B813022FBBBA700C1B094 /* View */,
				FF0B813322FBBBA700C1B094 /* ViewController */,
				FF0B813522FBBBAC00C1B094 /* ViewModel */,
				FF0B812F22FBBBA700C1B094 /* Model */,
				FF0B813422FBBBA800C1B094 /* Resource */,
				FF0B813122FBBBA700C1B094 /* Utils */,
				FF0B813222FBBBA700C1B094 /* Vendor */,
				FF0B812E22FBBBA100C1B094 /* Macros */,
				FF0B812D22FBBB9B00C1B094 /* App */,
				FF0B810C22FBACC700C1B094 /* ViewController.h */,
				FF0B810D22FBACC700C1B094 /* ViewController.m */,
				FF0B810F22FBACC700C1B094 /* Main.storyboard */,
				FF0B811422FBACC900C1B094 /* LaunchScreen.storyboard */,
			);
			path = OptimusPrime;
			sourceTree = "<group>";
		};
		FF0B812122FBACC900C1B094 /* OptimusPrimeTests */ = {
			isa = PBXGroup;
			children = (
				FF0B812222FBACC900C1B094 /* OptimusPrimeTests.m */,
				FF0B812422FBACC900C1B094 /* Info.plist */,
			);
			path = OptimusPrimeTests;
			sourceTree = "<group>";
		};
		FF0B812D22FBBB9B00C1B094 /* App */ = {
			isa = PBXGroup;
			children = (
				FF0B810922FBACC700C1B094 /* AppDelegate.h */,
				FF0B810A22FBACC700C1B094 /* AppDelegate.m */,
				FF0B811722FBACC900C1B094 /* Info.plist */,
				FF0B811822FBACC900C1B094 /* main.m */,
			);
			path = App;
			sourceTree = "<group>";
		};
		FF0B812E22FBBBA100C1B094 /* Macros */ = {
			isa = PBXGroup;
			children = (
				FF0B813F22FBBEF600C1B094 /* OptimusPrime.pch */,
				FF0B81D622FC1B0800C1B094 /* ZBURLConfigure.h */,
				FF0B81E022FC2AE100C1B094 /* ZBConstInline.h */,
				FFE4A3A522FD0A390022D2A1 /* ZBMacros.h */,
			);
			path = Macros;
			sourceTree = "<group>";
		};
		FF0B812F22FBBBA700C1B094 /* Model */ = {
			isa = PBXGroup;
			children = (
				FF0B81D722FC266600C1B094 /* User */,
				FF0B813622FBBDC000C1B094 /* BaseClass */,
			);
			path = Model;
			sourceTree = "<group>";
		};
		FF0B813022FBBBA700C1B094 /* View */ = {
			isa = PBXGroup;
			children = (
				FF0B813922FBBDDB00C1B094 /* BaseClass */,
			);
			path = View;
			sourceTree = "<group>";
		};
		FF0B813122FBBBA700C1B094 /* Utils */ = {
			isa = PBXGroup;
			children = (
				FFE4A3B222FD1A3E0022D2A1 /* Helper */,
				FF0B815622FBC17200C1B094 /* HTTP */,
				FF0B814C22FBC0E400C1B094 /* Category */,
				FF0B813A22FBBDEE00C1B094 /* Router */,
			);
			path = Utils;
			sourceTree = "<group>";
		};
		FF0B813222FBBBA700C1B094 /* Vendor */ = {
			isa = PBXGroup;
			children = (
				FFE4A3FD22FD4E0A0022D2A1 /* YYKit */,
			);
			path = Vendor;
			sourceTree = "<group>";
		};
		FF0B813322FBBBA700C1B094 /* ViewController */ = {
			isa = PBXGroup;
			children = (
				FF0B813822FBBDD200C1B094 /* BaseClass */,
			);
			path = ViewController;
			sourceTree = "<group>";
		};
		FF0B813422FBBBA800C1B094 /* Resource */ = {
			isa = PBXGroup;
			children = (
				FF0B811222FBACC900C1B094 /* Assets.xcassets */,
			);
			path = Resource;
			sourceTree = "<group>";
		};
		FF0B813522FBBBAC00C1B094 /* ViewModel */ = {
			isa = PBXGroup;
			children = (
				FF0B813722FBBDCA00C1B094 /* BaseClass */,
			);
			path = ViewModel;
			sourceTree = "<group>";
		};
		FF0B813622FBBDC000C1B094 /* BaseClass */ = {
			isa = PBXGroup;
			children = (
				FF0B814022FBC06600C1B094 /* ZBObject.h */,
				FF0B814122FBC06600C1B094 /* ZBObject.m */,
				FF0B814422FBC0A400C1B094 /* ZBReflection.h */,
				FF0B814522FBC0A400C1B094 /* ZBReflection.m */,
				FF0B814822FBC0C800C1B094 /* ZBEXTRuntimeExtensions.h */,
				FF0B814922FBC0C800C1B094 /* ZBEXTRuntimeExtensions.m */,
			);
			path = BaseClass;
			sourceTree = "<group>";
		};
		FF0B813722FBBDCA00C1B094 /* BaseClass */ = {
			isa = PBXGroup;
			children = (
				FF0B81AA22FC03CE00C1B094 /* ZBViewModel.h */,
				FF0B81AB22FC03CE00C1B094 /* ZBViewModel.m */,
			);
			path = BaseClass;
			sourceTree = "<group>";
		};
		FF0B813822FBBDD200C1B094 /* BaseClass */ = {
			isa = PBXGroup;
			children = (
				FFE4A3B722FD1AC70022D2A1 /* ZBViewController.h */,
				FFE4A3B822FD1AC70022D2A1 /* ZBViewController.m */,
			);
			path = BaseClass;
			sourceTree = "<group>";
		};
		FF0B813922FBBDDB00C1B094 /* BaseClass */ = {
			isa = PBXGroup;
			children = (
				FF0B815722FBF4CB00C1B094 /* ZBControl.h */,
				FF0B815822FBF4CB00C1B094 /* ZBControl.m */,
				FF0B819D22FC001600C1B094 /* ZBButton.h */,
				FF0B819E22FC001600C1B094 /* ZBButton.m */,
				FF0B81A122FC00BF00C1B094 /* ZBImageView.h */,
				FF0B81A222FC00BF00C1B094 /* ZBImageView.m */,
				FF0B81A522FC01D600C1B094 /* ZBTableView.h */,
				FF0B81A622FC01D600C1B094 /* ZBTableView.m */,
			);
			path = BaseClass;
			sourceTree = "<group>";
		};
		FF0B813A22FBBDEE00C1B094 /* Router */ = {
			isa = PBXGroup;
			children = (
				FF0B813B22FBBE0800C1B094 /* ZBRouter.h */,
				FF0B813C22FBBE0800C1B094 /* ZBRouter.m */,
			);
			path = Router;
			sourceTree = "<group>";
		};
		FF0B814C22FBC0E400C1B094 /* Category */ = {
			isa = PBXGroup;
			children = (
				FFE4A3A722FD15D60022D2A1 /* NSString */,
				FFE4A3A622FD15CE0022D2A1 /* NSObject */,
				FF0B814D22FBC0F600C1B094 /* NSError */,
			);
			path = Category;
			sourceTree = "<group>";
		};
		FF0B814D22FBC0F600C1B094 /* NSError */ = {
			isa = PBXGroup;
			children = (
				FF0B814E22FBC11800C1B094 /* NSError+ZBExtension.h */,
				FF0B814F22FBC11800C1B094 /* NSError+ZBExtension.m */,
				FF0B815222FBC12400C1B094 /* NSError+ZBModelException.h */,
				FF0B815322FBC12400C1B094 /* NSError+ZBModelException.m */,
			);
			path = NSError;
			sourceTree = "<group>";
		};
		FF0B815622FBC17200C1B094 /* HTTP */ = {
			isa = PBXGroup;
			children = (
				FF0B81BD22FC0EFE00C1B094 /* Category */,
				FF0B81B622FC0BBD00C1B094 /* Request */,
				FF0B81B422FC0BA600C1B094 /* Constant */,
				FF0B81B322FC0B9F00C1B094 /* BaseModel */,
				FF0B81AF22FC0B8000C1B094 /* ZBHTTPService.h */,
				FF0B81B022FC0B8000C1B094 /* ZBHTTPService.m */,
			);
			path = HTTP;
			sourceTree = "<group>";
		};
		FF0B81B322FC0B9F00C1B094 /* BaseModel */ = {
			isa = PBXGroup;
			children = (
				FF0B81B722FC0C2200C1B094 /* ZBHTTPResponse.h */,
				FF0B81B822FC0C2200C1B094 /* ZBHTTPResponse.m */,
			);
			path = BaseModel;
			sourceTree = "<group>";
		};
		FF0B81B422FC0BA600C1B094 /* Constant */ = {
			isa = PBXGroup;
			children = (
				FF0B81BB22FC0CE800C1B094 /* ZBHTTPServiceConstant.h */,
			);
			path = Constant;
			sourceTree = "<group>";
		};
		FF0B81B622FC0BBD00C1B094 /* Request */ = {
			isa = PBXGroup;
			children = (
				FF0B81CA22FC171800C1B094 /* ZBKeyedSubscript.h */,
				FF0B81CB22FC171800C1B094 /* ZBKeyedSubscript.m */,
				FF0B81CE22FC172600C1B094 /* ZBHTTPRequest.h */,
				FF0B81CF22FC172600C1B094 /* ZBHTTPRequest.m */,
				FF0B81D222FC173500C1B094 /* ZBURLParameters.h */,
				FF0B81D322FC173500C1B094 /* ZBURLParameters.m */,
			);
			path = Request;
			sourceTree = "<group>";
		};
		FF0B81BD22FC0EFE00C1B094 /* Category */ = {
			isa = PBXGroup;
			children = (
				FF0B81BE22FC0F2B00C1B094 /* RACSignal+ZBHTTPServiceAdditions.h */,
				FF0B81BF22FC0F2B00C1B094 /* RACSignal+ZBHTTPServiceAdditions.m */,
				FF0B81C222FC0F4300C1B094 /* AFHTTPSessionManager+RACSupport.h */,
				FF0B81C322FC0F4300C1B094 /* AFHTTPSessionManager+RACSupport.m */,
				FF0B81C622FC0F6500C1B094 /* RACSubscriber+AFProgressCallbacks.h */,
				FF0B81C722FC0F6500C1B094 /* RACSubscriber+AFProgressCallbacks.m */,
			);
			path = Category;
			sourceTree = "<group>";
		};
		FF0B81D722FC266600C1B094 /* User */ = {
			isa = PBXGroup;
			children = (
				FF0B81DB22FC269700C1B094 /* ZBUser.h */,
				FF0B81DC22FC269700C1B094 /* ZBUser.m */,
			);
			path = User;
			sourceTree = "<group>";
		};
		FFE4A3A622FD15CE0022D2A1 /* NSObject */ = {
			isa = PBXGroup;
			children = (
				FFE4A3A922FD16110022D2A1 /* NSObject+ZB.h */,
				FFE4A3AA22FD16250022D2A1 /* NSObject+ZBAlert.h */,
				FFE4A3AB22FD16250022D2A1 /* NSObject+ZBAlert.m */,
				FFE4A3AE22FD16CA0022D2A1 /* NSObject+ZBExtension.h */,
				FFE4A3AF22FD16CA0022D2A1 /* NSObject+ZBExtension.m */,
			);
			path = NSObject;
			sourceTree = "<group>";
		};
		FFE4A3A722FD15D60022D2A1 /* NSString */ = {
			isa = PBXGroup;
			children = (
				FFE4A3BB22FD1D7E0022D2A1 /* NSAttributedString+ZBSize.h */,
				FFE4A3BC22FD1D7E0022D2A1 /* NSAttributedString+ZBSize.m */,
				FFE4A3BF22FD1D9C0022D2A1 /* NSString+ZBSize.h */,
				FFE4A3C022FD1D9C0022D2A1 /* NSString+ZBSize.m */,
				FFE4A3C322FD1DA90022D2A1 /* NSString+ZBValid.h */,
				FFE4A3C422FD1DA90022D2A1 /* NSString+ZBValid.m */,
				FFE4A3C722FD1DBB0022D2A1 /* NSString+ZBExtension.h */,
				FFE4A3C822FD1DBB0022D2A1 /* NSString+ZBExtension.m */,
				FFE4A3CB22FD4BAF0022D2A1 /* NSString+ZB.h */,
			);
			path = NSString;
			sourceTree = "<group>";
		};
		FFE4A3B222FD1A3E0022D2A1 /* Helper */ = {
			isa = PBXGroup;
			children = (
				FFE4A3B322FD1A600022D2A1 /* ZBControllerHelper.h */,
				FFE4A3B422FD1A600022D2A1 /* ZBControllerHelper.m */,
			);
			path = Helper;
			sourceTree = "<group>";
		};
		FFE4A3FD22FD4E0A0022D2A1 /* YYKit */ = {
			isa = PBXGroup;
			children = (
				FFE4A3FE22FD4E0A0022D2A1 /* YYWeakProxy.m */,
				FFE4A3FF22FD4E0A0022D2A1 /* YYKeychain.h */,
				FFE4A40022FD4E0A0022D2A1 /* YYThreadSafeDictionary.m */,
				FFE4A40122FD4E0A0022D2A1 /* YYFileHash.h */,
				FFE4A40222FD4E0A0022D2A1 /* YYGestureRecognizer.h */,
				FFE4A40322FD4E0A0022D2A1 /* YYReachability.h */,
				FFE4A40422FD4E0A0022D2A1 /* YYThreadSafeArray.h */,
				FFE4A40522FD4E0A0022D2A1 /* YYTimer.h */,
				FFE4A40622FD4E0A0022D2A1 /* YYWeakProxy.h */,
				FFE4A40722FD4E0A0022D2A1 /* YYThreadSafeDictionary.h */,
				FFE4A40822FD4E0A0022D2A1 /* YYKeychain.m */,
				FFE4A40922FD4E0A0022D2A1 /* YYGestureRecognizer.m */,
				FFE4A40A22FD4E0A0022D2A1 /* YYFileHash.m */,
				FFE4A40B22FD4E0A0022D2A1 /* YYTimer.m */,
				FFE4A40C22FD4E0A0022D2A1 /* YYThreadSafeArray.m */,
				FFE4A40D22FD4E0A0022D2A1 /* YYReachability.m */,
			);
			path = YYKit;
			sourceTree = "<group>";
		};
/* End PBXGroup section */

/* Begin PBXNativeTarget section */
		FF0B810522FBACC700C1B094 /* OptimusPrime */ = {
			isa = PBXNativeTarget;
			buildConfigurationList = FF0B812722FBACC900C1B094 /* Build configuration list for PBXNativeTarget "OptimusPrime" */;
			buildPhases = (
				5B5846A4DF8B3D1B97AFBF1D /* [CP] Check Pods Manifest.lock */,
				FF0B810222FBACC700C1B094 /* Sources */,
				FF0B810322FBACC700C1B094 /* Frameworks */,
				FF0B810422FBACC700C1B094 /* Resources */,
				70BA46A81397464EEA892AFC /* [CP] Embed Pods Frameworks */,
			);
			buildRules = (
			);
			dependencies = (
			);
			name = OptimusPrime;
			productName = OptimusPrime;
			productReference = FF0B810622FBACC700C1B094 /* OptimusPrime.app */;
			productType = "com.apple.product-type.application";
		};
		FF0B811D22FBACC900C1B094 /* OptimusPrimeTests */ = {
			isa = PBXNativeTarget;
			buildConfigurationList = FF0B812A22FBACC900C1B094 /* Build configuration list for PBXNativeTarget "OptimusPrimeTests" */;
			buildPhases = (
				AAD3E50C38D6E18EB4AC2F1F /* [CP] Check Pods Manifest.lock */,
				FF0B811A22FBACC900C1B094 /* Sources */,
				FF0B811B22FBACC900C1B094 /* Frameworks */,
				FF0B811C22FBACC900C1B094 /* Resources */,
			);
			buildRules = (
			);
			dependencies = (
				FF0B812022FBACC900C1B094 /* PBXTargetDependency */,
			);
			name = OptimusPrimeTests;
			productName = OptimusPrimeTests;
			productReference = FF0B811E22FBACC900C1B094 /* OptimusPrimeTests.xctest */;
			productType = "com.apple.product-type.bundle.unit-test";
		};
/* End PBXNativeTarget section */

/* Begin PBXProject section */
		FF0B80FE22FBACC700C1B094 /* Project object */ = {
			isa = PBXProject;
			attributes = {
				LastUpgradeCheck = 1030;
				ORGANIZATIONNAME = zzb;
				TargetAttributes = {
					FF0B810522FBACC700C1B094 = {
						CreatedOnToolsVersion = 10.3;
					};
					FF0B811D22FBACC900C1B094 = {
						CreatedOnToolsVersion = 10.3;
						TestTargetID = FF0B810522FBACC700C1B094;
					};
				};
			};
			buildConfigurationList = FF0B810122FBACC700C1B094 /* Build configuration list for PBXProject "OptimusPrime" */;
			compatibilityVersion = "Xcode 9.3";
			developmentRegion = en;
			hasScannedForEncodings = 0;
			knownRegions = (
				en,
				Base,
			);
			mainGroup = FF0B80FD22FBACC700C1B094;
			productRefGroup = FF0B810722FBACC700C1B094 /* Products */;
			projectDirPath = "";
			projectRoot = "";
			targets = (
				FF0B810522FBACC700C1B094 /* OptimusPrime */,
				FF0B811D22FBACC900C1B094 /* OptimusPrimeTests */,
			);
		};
/* End PBXProject section */

/* Begin PBXResourcesBuildPhase section */
		FF0B810422FBACC700C1B094 /* Resources */ = {
			isa = PBXResourcesBuildPhase;
			buildActionMask = 2147483647;
			files = (
				FF0B811622FBACC900C1B094 /* LaunchScreen.storyboard in Resources */,
				FF0B811322FBACC900C1B094 /* Assets.xcassets in Resources */,
				FF0B811122FBACC700C1B094 /* Main.storyboard in Resources */,
			);
			runOnlyForDeploymentPostprocessing = 0;
		};
		FF0B811C22FBACC900C1B094 /* Resources */ = {
			isa = PBXResourcesBuildPhase;
			buildActionMask = 2147483647;
			files = (
			);
			runOnlyForDeploymentPostprocessing = 0;
		};
/* End PBXResourcesBuildPhase section */

/* Begin PBXShellScriptBuildPhase section */
		5B5846A4DF8B3D1B97AFBF1D /* [CP] Check Pods Manifest.lock */ = {
			isa = PBXShellScriptBuildPhase;
			buildActionMask = 2147483647;
			files = (
			);
			inputFileListPaths = (
			);
			inputPaths = (
				"${PODS_PODFILE_DIR_PATH}/Podfile.lock",
				"${PODS_ROOT}/Manifest.lock",
			);
			name = "[CP] Check Pods Manifest.lock";
			outputFileListPaths = (
			);
			outputPaths = (
				"$(DERIVED_FILE_DIR)/Pods-OptimusPrime-checkManifestLockResult.txt",
			);
			runOnlyForDeploymentPostprocessing = 0;
			shellPath = /bin/sh;
			shellScript = "diff \"${PODS_PODFILE_DIR_PATH}/Podfile.lock\" \"${PODS_ROOT}/Manifest.lock\" > /dev/null\nif [ $? != 0 ] ; then\n    # print error to STDERR\n    echo \"error: The sandbox is not in sync with the Podfile.lock. Run 'pod install' or update your CocoaPods installation.\" >&2\n    exit 1\nfi\n# This output is used by Xcode 'outputs' to avoid re-running this script phase.\necho \"SUCCESS\" > \"${SCRIPT_OUTPUT_FILE_0}\"\n";
			showEnvVarsInLog = 0;
		};
		70BA46A81397464EEA892AFC /* [CP] Embed Pods Frameworks */ = {
			isa = PBXShellScriptBuildPhase;
			buildActionMask = 2147483647;
			files = (
			);
			inputFileListPaths = (
				"${PODS_ROOT}/Target Support Files/Pods-OptimusPrime/Pods-OptimusPrime-frameworks-${CONFIGURATION}-input-files.xcfilelist",
			);
			name = "[CP] Embed Pods Frameworks";
			outputFileListPaths = (
				"${PODS_ROOT}/Target Support Files/Pods-OptimusPrime/Pods-OptimusPrime-frameworks-${CONFIGURATION}-output-files.xcfilelist",
			);
			runOnlyForDeploymentPostprocessing = 0;
			shellPath = /bin/sh;
			shellScript = "\"${PODS_ROOT}/Target Support Files/Pods-OptimusPrime/Pods-OptimusPrime-frameworks.sh\"\n";
			showEnvVarsInLog = 0;
		};
		AAD3E50C38D6E18EB4AC2F1F /* [CP] Check Pods Manifest.lock */ = {
			isa = PBXShellScriptBuildPhase;
			buildActionMask = 2147483647;
			files = (
			);
			inputFileListPaths = (
			);
			inputPaths = (
				"${PODS_PODFILE_DIR_PATH}/Podfile.lock",
				"${PODS_ROOT}/Manifest.lock",
			);
			name = "[CP] Check Pods Manifest.lock";
			outputFileListPaths = (
			);
			outputPaths = (
				"$(DERIVED_FILE_DIR)/Pods-OptimusPrimeTests-checkManifestLockResult.txt",
			);
			runOnlyForDeploymentPostprocessing = 0;
			shellPath = /bin/sh;
			shellScript = "diff \"${PODS_PODFILE_DIR_PATH}/Podfile.lock\" \"${PODS_ROOT}/Manifest.lock\" > /dev/null\nif [ $? != 0 ] ; then\n    # print error to STDERR\n    echo \"error: The sandbox is not in sync with the Podfile.lock. Run 'pod install' or update your CocoaPods installation.\" >&2\n    exit 1\nfi\n# This output is used by Xcode 'outputs' to avoid re-running this script phase.\necho \"SUCCESS\" > \"${SCRIPT_OUTPUT_FILE_0}\"\n";
			showEnvVarsInLog = 0;
		};
/* End PBXShellScriptBuildPhase section */

/* Begin PBXSourcesBuildPhase section */
		FF0B810222FBACC700C1B094 /* Sources */ = {
			isa = PBXSourcesBuildPhase;
			buildActionMask = 2147483647;
			files = (
				FFE4A41C22FD4E0A0022D2A1 /* YYReachability.m in Sources */,
				FFE4A3C522FD1DA90022D2A1 /* NSString+ZBValid.m in Sources */,
				FFE4A41222FD4E0A0022D2A1 /* YYKeychain.m in Sources */,
				FF0B81C022FC0F2B00C1B094 /* RACSignal+ZBHTTPServiceAdditions.m in Sources */,
				FF0B814622FBC0A400C1B094 /* ZBReflection.m in Sources */,
				FFE4A3AC22FD16250022D2A1 /* NSObject+ZBAlert.m in Sources */,
				FFE4A40E22FD4E0A0022D2A1 /* YYWeakProxy.m in Sources */,
				FFE4A41A22FD4E0A0022D2A1 /* YYThreadSafeArray.m in Sources */,
				FF0B81C422FC0F4300C1B094 /* AFHTTPSessionManager+RACSupport.m in Sources */,
				FF0B814222FBC06600C1B094 /* ZBObject.m in Sources */,
				FF0B815422FBC12400C1B094 /* NSError+ZBModelException.m in Sources */,
				FFE4A3B522FD1A600022D2A1 /* ZBControllerHelper.m in Sources */,
				FF0B81B122FC0B8000C1B094 /* ZBHTTPService.m in Sources */,
				FF0B81A322FC00BF00C1B094 /* ZBImageView.m in Sources */,
				FFE4A41822FD4E0A0022D2A1 /* YYTimer.m in Sources */,
				FF0B81A722FC01D600C1B094 /* ZBTableView.m in Sources */,
				FF0B814A22FBC0C800C1B094 /* ZBEXTRuntimeExtensions.m in Sources */,
				FFE4A3C122FD1D9C0022D2A1 /* NSString+ZBSize.m in Sources */,
				FF0B810E22FBACC700C1B094 /* ViewController.m in Sources */,
				FF0B81C822FC0F6500C1B094 /* RACSubscriber+AFProgressCallbacks.m in Sources */,
				FFE4A3B022FD16CA0022D2A1 /* NSObject+ZBExtension.m in Sources */,
				FF0B811922FBACC900C1B094 /* main.m in Sources */,
				FF0B81D422FC173500C1B094 /* ZBURLParameters.m in Sources */,
				FF0B813D22FBBE0800C1B094 /* ZBRouter.m in Sources */,
				FFE4A3BD22FD1D7E0022D2A1 /* NSAttributedString+ZBSize.m in Sources */,
				FFE4A3B922FD1AC70022D2A1 /* ZBViewController.m in Sources */,
				FF0B810B22FBACC700C1B094 /* AppDelegate.m in Sources */,
				FF0B81DD22FC269700C1B094 /* ZBUser.m in Sources */,
				FFE4A41622FD4E0A0022D2A1 /* YYFileHash.m in Sources */,
				FF0B819F22FC001600C1B094 /* ZBButton.m in Sources */,
				FFE4A41422FD4E0A0022D2A1 /* YYGestureRecognizer.m in Sources */,
				FF0B81AC22FC03CE00C1B094 /* ZBViewModel.m in Sources */,
				FFE4A3C922FD1DBB0022D2A1 /* NSString+ZBExtension.m in Sources */,
				FFE4A41022FD4E0A0022D2A1 /* YYThreadSafeDictionary.m in Sources */,
				FF0B81D022FC172600C1B094 /* ZBHTTPRequest.m in Sources */,
				FF0B815022FBC11800C1B094 /* NSError+ZBExtension.m in Sources */,
				FF0B81B922FC0C2200C1B094 /* ZBHTTPResponse.m in Sources */,
				FF0B81CC22FC171800C1B094 /* ZBKeyedSubscript.m in Sources */,
				FF0B815922FBF4CB00C1B094 /* ZBControl.m in Sources */,
			);
			runOnlyForDeploymentPostprocessing = 0;
		};
		FF0B811A22FBACC900C1B094 /* Sources */ = {
			isa = PBXSourcesBuildPhase;
			buildActionMask = 2147483647;
			files = (
				FF0B81C522FC0F4300C1B094 /* AFHTTPSessionManager+RACSupport.m in Sources */,
				FF0B81BA22FC0C2200C1B094 /* ZBHTTPResponse.m in Sources */,
				FF0B81D522FC173500C1B094 /* ZBURLParameters.m in Sources */,
				FF0B81CD22FC171800C1B094 /* ZBKeyedSubscript.m in Sources */,
				FFE4A41D22FD4E0A0022D2A1 /* YYReachability.m in Sources */,
				FF0B81C922FC0F6500C1B094 /* RACSubscriber+AFProgressCallbacks.m in Sources */,
				FFE4A41322FD4E0A0022D2A1 /* YYKeychain.m in Sources */,
				FF0B81A022FC001600C1B094 /* ZBButton.m in Sources */,
				FF0B814722FBC0A400C1B094 /* ZBReflection.m in Sources */,
				FFE4A3BE22FD1D7E0022D2A1 /* NSAttributedString+ZBSize.m in Sources */,
				FFE4A41722FD4E0A0022D2A1 /* YYFileHash.m in Sources */,
				FF0B813E22FBBE0800C1B094 /* ZBRouter.m in Sources */,
				FFE4A3C622FD1DA90022D2A1 /* NSString+ZBValid.m in Sources */,
				FF0B812322FBACC900C1B094 /* OptimusPrimeTests.m in Sources */,
				FF0B815A22FBF4CB00C1B094 /* ZBControl.m in Sources */,
				FFE4A3CA22FD1DBB0022D2A1 /* NSString+ZBExtension.m in Sources */,
				FFE4A3BA22FD1AC70022D2A1 /* ZBViewController.m in Sources */,
				FFE4A40F22FD4E0A0022D2A1 /* YYWeakProxy.m in Sources */,
				FFE4A3B622FD1A600022D2A1 /* ZBControllerHelper.m in Sources */,
				FFE4A41922FD4E0A0022D2A1 /* YYTimer.m in Sources */,
				FF0B815522FBC12400C1B094 /* NSError+ZBModelException.m in Sources */,
				FFE4A41122FD4E0A0022D2A1 /* YYThreadSafeDictionary.m in Sources */,
				FFE4A3AD22FD16250022D2A1 /* NSObject+ZBAlert.m in Sources */,
				FF0B815122FBC11800C1B094 /* NSError+ZBExtension.m in Sources */,
				FF0B81D122FC172600C1B094 /* ZBHTTPRequest.m in Sources */,
				FF0B814322FBC06600C1B094 /* ZBObject.m in Sources */,
				FF0B81B222FC0B8000C1B094 /* ZBHTTPService.m in Sources */,
				FFE4A41B22FD4E0A0022D2A1 /* YYThreadSafeArray.m in Sources */,
				FF0B81A822FC01D600C1B094 /* ZBTableView.m in Sources */,
				FF0B81DE22FC269700C1B094 /* ZBUser.m in Sources */,
				FFE4A3B122FD16CA0022D2A1 /* NSObject+ZBExtension.m in Sources */,
				FF0B81C122FC0F2B00C1B094 /* RACSignal+ZBHTTPServiceAdditions.m in Sources */,
				FF0B81AD22FC03CE00C1B094 /* ZBViewModel.m in Sources */,
				FFE4A3C222FD1D9C0022D2A1 /* NSString+ZBSize.m in Sources */,
				FF0B81A422FC00BF00C1B094 /* ZBImageView.m in Sources */,
				FFE4A41522FD4E0A0022D2A1 /* YYGestureRecognizer.m in Sources */,
				FF0B814B22FBC0C800C1B094 /* ZBEXTRuntimeExtensions.m in Sources */,
			);
			runOnlyForDeploymentPostprocessing = 0;
		};
/* End PBXSourcesBuildPhase section */

/* Begin PBXTargetDependency section */
		FF0B812022FBACC900C1B094 /* PBXTargetDependency */ = {
			isa = PBXTargetDependency;
			target = FF0B810522FBACC700C1B094 /* OptimusPrime */;
			targetProxy = FF0B811F22FBACC900C1B094 /* PBXContainerItemProxy */;
		};
/* End PBXTargetDependency section */

/* Begin PBXVariantGroup section */
		FF0B810F22FBACC700C1B094 /* Main.storyboard */ = {
			isa = PBXVariantGroup;
			children = (
				FF0B811022FBACC700C1B094 /* Base */,
			);
			name = Main.storyboard;
			sourceTree = "<group>";
		};
		FF0B811422FBACC900C1B094 /* LaunchScreen.storyboard */ = {
			isa = PBXVariantGroup;
			children = (
				FF0B811522FBACC900C1B094 /* Base */,
			);
			name = LaunchScreen.storyboard;
			sourceTree = "<group>";
		};
/* End PBXVariantGroup section */

/* Begin XCBuildConfiguration section */
		FF0B812522FBACC900C1B094 /* Debug */ = {
			isa = XCBuildConfiguration;
			buildSettings = {
				ALWAYS_SEARCH_USER_PATHS = NO;
				CLANG_ANALYZER_NONNULL = YES;
				CLANG_ANALYZER_NUMBER_OBJECT_CONVERSION = YES_AGGRESSIVE;
				CLANG_CXX_LANGUAGE_STANDARD = "gnu++14";
				CLANG_CXX_LIBRARY = "libc++";
				CLANG_ENABLE_MODULES = YES;
				CLANG_ENABLE_OBJC_ARC = YES;
				CLANG_ENABLE_OBJC_WEAK = YES;
				CLANG_WARN_BLOCK_CAPTURE_AUTORELEASING = YES;
				CLANG_WARN_BOOL_CONVERSION = YES;
				CLANG_WARN_COMMA = YES;
				CLANG_WARN_CONSTANT_CONVERSION = YES;
				CLANG_WARN_DEPRECATED_OBJC_IMPLEMENTATIONS = YES;
				CLANG_WARN_DIRECT_OBJC_ISA_USAGE = YES_ERROR;
				CLANG_WARN_DOCUMENTATION_COMMENTS = YES;
				CLANG_WARN_EMPTY_BODY = YES;
				CLANG_WARN_ENUM_CONVERSION = YES;
				CLANG_WARN_INFINITE_RECURSION = YES;
				CLANG_WARN_INT_CONVERSION = YES;
				CLANG_WARN_NON_LITERAL_NULL_CONVERSION = YES;
				CLANG_WARN_OBJC_IMPLICIT_RETAIN_SELF = YES;
				CLANG_WARN_OBJC_LITERAL_CONVERSION = YES;
				CLANG_WARN_OBJC_ROOT_CLASS = YES_ERROR;
				CLANG_WARN_RANGE_LOOP_ANALYSIS = YES;
				CLANG_WARN_STRICT_PROTOTYPES = YES;
				CLANG_WARN_SUSPICIOUS_MOVE = YES;
				CLANG_WARN_UNGUARDED_AVAILABILITY = YES_AGGRESSIVE;
				CLANG_WARN_UNREACHABLE_CODE = YES;
				CLANG_WARN__DUPLICATE_METHOD_MATCH = YES;
				CODE_SIGN_IDENTITY = "iPhone Developer";
				COPY_PHASE_STRIP = NO;
				DEBUG_INFORMATION_FORMAT = dwarf;
				ENABLE_STRICT_OBJC_MSGSEND = YES;
				ENABLE_TESTABILITY = YES;
				GCC_C_LANGUAGE_STANDARD = gnu11;
				GCC_DYNAMIC_NO_PIC = NO;
				GCC_NO_COMMON_BLOCKS = YES;
				GCC_OPTIMIZATION_LEVEL = 0;
				GCC_PREPROCESSOR_DEFINITIONS = (
					"DEBUG=1",
					"$(inherited)",
				);
				GCC_WARN_64_TO_32_BIT_CONVERSION = YES;
				GCC_WARN_ABOUT_RETURN_TYPE = YES_ERROR;
				GCC_WARN_UNDECLARED_SELECTOR = YES;
				GCC_WARN_UNINITIALIZED_AUTOS = YES_AGGRESSIVE;
				GCC_WARN_UNUSED_FUNCTION = YES;
				GCC_WARN_UNUSED_VARIABLE = YES;
				IPHONEOS_DEPLOYMENT_TARGET = 9.0;
				MTL_ENABLE_DEBUG_INFO = INCLUDE_SOURCE;
				MTL_FAST_MATH = YES;
				ONLY_ACTIVE_ARCH = YES;
				SDKROOT = iphoneos;
			};
			name = Debug;
		};
		FF0B812622FBACC900C1B094 /* Release */ = {
			isa = XCBuildConfiguration;
			buildSettings = {
				ALWAYS_SEARCH_USER_PATHS = NO;
				CLANG_ANALYZER_NONNULL = YES;
				CLANG_ANALYZER_NUMBER_OBJECT_CONVERSION = YES_AGGRESSIVE;
				CLANG_CXX_LANGUAGE_STANDARD = "gnu++14";
				CLANG_CXX_LIBRARY = "libc++";
				CLANG_ENABLE_MODULES = YES;
				CLANG_ENABLE_OBJC_ARC = YES;
				CLANG_ENABLE_OBJC_WEAK = YES;
				CLANG_WARN_BLOCK_CAPTURE_AUTORELEASING = YES;
				CLANG_WARN_BOOL_CONVERSION = YES;
				CLANG_WARN_COMMA = YES;
				CLANG_WARN_CONSTANT_CONVERSION = YES;
				CLANG_WARN_DEPRECATED_OBJC_IMPLEMENTATIONS = YES;
				CLANG_WARN_DIRECT_OBJC_ISA_USAGE = YES_ERROR;
				CLANG_WARN_DOCUMENTATION_COMMENTS = YES;
				CLANG_WARN_EMPTY_BODY = YES;
				CLANG_WARN_ENUM_CONVERSION = YES;
				CLANG_WARN_INFINITE_RECURSION = YES;
				CLANG_WARN_INT_CONVERSION = YES;
				CLANG_WARN_NON_LITERAL_NULL_CONVERSION = YES;
				CLANG_WARN_OBJC_IMPLICIT_RETAIN_SELF = YES;
				CLANG_WARN_OBJC_LITERAL_CONVERSION = YES;
				CLANG_WARN_OBJC_ROOT_CLASS = YES_ERROR;
				CLANG_WARN_RANGE_LOOP_ANALYSIS = YES;
				CLANG_WARN_STRICT_PROTOTYPES = YES;
				CLANG_WARN_SUSPICIOUS_MOVE = YES;
				CLANG_WARN_UNGUARDED_AVAILABILITY = YES_AGGRESSIVE;
				CLANG_WARN_UNREACHABLE_CODE = YES;
				CLANG_WARN__DUPLICATE_METHOD_MATCH = YES;
				CODE_SIGN_IDENTITY = "iPhone Developer";
				COPY_PHASE_STRIP = NO;
				DEBUG_INFORMATION_FORMAT = "dwarf-with-dsym";
				ENABLE_NS_ASSERTIONS = NO;
				ENABLE_STRICT_OBJC_MSGSEND = YES;
				GCC_C_LANGUAGE_STANDARD = gnu11;
				GCC_NO_COMMON_BLOCKS = YES;
				GCC_WARN_64_TO_32_BIT_CONVERSION = YES;
				GCC_WARN_ABOUT_RETURN_TYPE = YES_ERROR;
				GCC_WARN_UNDECLARED_SELECTOR = YES;
				GCC_WARN_UNINITIALIZED_AUTOS = YES_AGGRESSIVE;
				GCC_WARN_UNUSED_FUNCTION = YES;
				GCC_WARN_UNUSED_VARIABLE = YES;
				IPHONEOS_DEPLOYMENT_TARGET = 9.0;
				MTL_ENABLE_DEBUG_INFO = NO;
				MTL_FAST_MATH = YES;
				SDKROOT = iphoneos;
				VALIDATE_PRODUCT = YES;
			};
			name = Release;
		};
		FF0B812822FBACC900C1B094 /* Debug */ = {
			isa = XCBuildConfiguration;
			baseConfigurationReference = 5B6104A1683F2EC1754A9B03 /* Pods-OptimusPrime.debug.xcconfig */;
			buildSettings = {
				ASSETCATALOG_COMPILER_APPICON_NAME = AppIcon;
				CODE_SIGN_STYLE = Automatic;
				DEVELOPMENT_TEAM = Y5WX43KK4M;
				GCC_PREFIX_HEADER = "$(SRCROOT)/OptimusPrime/Macros/OptimusPrime.pch";
				INFOPLIST_FILE = OptimusPrime/App/Info.plist;
				IPHONEOS_DEPLOYMENT_TARGET = 9.0;
				LD_RUNPATH_SEARCH_PATHS = (
					"$(inherited)",
					"@executable_path/Frameworks",
				);
				PRODUCT_BUNDLE_IDENTIFIER = zzb.com.OptimusPrime;
				PRODUCT_NAME = "$(TARGET_NAME)";
				TARGETED_DEVICE_FAMILY = 1;
			};
			name = Debug;
		};
		FF0B812922FBACC900C1B094 /* Release */ = {
			isa = XCBuildConfiguration;
			baseConfigurationReference = A08AA2B9646D4574D8ED1EF2 /* Pods-OptimusPrime.release.xcconfig */;
			buildSettings = {
				ASSETCATALOG_COMPILER_APPICON_NAME = AppIcon;
				CODE_SIGN_STYLE = Automatic;
				DEVELOPMENT_TEAM = Y5WX43KK4M;
				GCC_PREFIX_HEADER = "$(SRCROOT)/OptimusPrime/Macros/OptimusPrime.pch";
				INFOPLIST_FILE = OptimusPrime/App/Info.plist;
				IPHONEOS_DEPLOYMENT_TARGET = 9.0;
				LD_RUNPATH_SEARCH_PATHS = (
					"$(inherited)",
					"@executable_path/Frameworks",
				);
				PRODUCT_BUNDLE_IDENTIFIER = zzb.com.OptimusPrime;
				PRODUCT_NAME = "$(TARGET_NAME)";
				TARGETED_DEVICE_FAMILY = 1;
			};
			name = Release;
		};
		FF0B812B22FBACC900C1B094 /* Debug */ = {
			isa = XCBuildConfiguration;
			baseConfigurationReference = 0EF605577D552F5D408F7385 /* Pods-OptimusPrimeTests.debug.xcconfig */;
			buildSettings = {
				BUNDLE_LOADER = "$(TEST_HOST)";
				CODE_SIGN_STYLE = Automatic;
				DEVELOPMENT_TEAM = Y5WX43KK4M;
				INFOPLIST_FILE = OptimusPrimeTests/Info.plist;
				LD_RUNPATH_SEARCH_PATHS = (
					"$(inherited)",
					"@executable_path/Frameworks",
					"@loader_path/Frameworks",
				);
				PRODUCT_BUNDLE_IDENTIFIER = zzb.com.OptimusPrimeTests;
				PRODUCT_NAME = "$(TARGET_NAME)";
				TARGETED_DEVICE_FAMILY = "1,2";
				TEST_HOST = "$(BUILT_PRODUCTS_DIR)/OptimusPrime.app/OptimusPrime";
			};
			name = Debug;
		};
		FF0B812C22FBACC900C1B094 /* Release */ = {
			isa = XCBuildConfiguration;
			baseConfigurationReference = 9E57E5BF46224E0D079DF3F7 /* Pods-OptimusPrimeTests.release.xcconfig */;
			buildSettings = {
				BUNDLE_LOADER = "$(TEST_HOST)";
				CODE_SIGN_STYLE = Automatic;
				DEVELOPMENT_TEAM = Y5WX43KK4M;
				INFOPLIST_FILE = OptimusPrimeTests/Info.plist;
				LD_RUNPATH_SEARCH_PATHS = (
					"$(inherited)",
					"@executable_path/Frameworks",
					"@loader_path/Frameworks",
				);
				PRODUCT_BUNDLE_IDENTIFIER = zzb.com.OptimusPrimeTests;
				PRODUCT_NAME = "$(TARGET_NAME)";
				TARGETED_DEVICE_FAMILY = "1,2";
				TEST_HOST = "$(BUILT_PRODUCTS_DIR)/OptimusPrime.app/OptimusPrime";
			};
			name = Release;
		};
/* End XCBuildConfiguration section */

/* Begin XCConfigurationList section */
		FF0B810122FBACC700C1B094 /* Build configuration list for PBXProject "OptimusPrime" */ = {
			isa = XCConfigurationList;
			buildConfigurations = (
				FF0B812522FBACC900C1B094 /* Debug */,
				FF0B812622FBACC900C1B094 /* Release */,
			);
			defaultConfigurationIsVisible = 0;
			defaultConfigurationName = Release;
		};
		FF0B812722FBACC900C1B094 /* Build configuration list for PBXNativeTarget "OptimusPrime" */ = {
			isa = XCConfigurationList;
			buildConfigurations = (
				FF0B812822FBACC900C1B094 /* Debug */,
				FF0B812922FBACC900C1B094 /* Release */,
			);
			defaultConfigurationIsVisible = 0;
			defaultConfigurationName = Release;
		};
		FF0B812A22FBACC900C1B094 /* Build configuration list for PBXNativeTarget "OptimusPrimeTests" */ = {
			isa = XCConfigurationList;
			buildConfigurations = (
				FF0B812B22FBACC900C1B094 /* Debug */,
				FF0B812C22FBACC900C1B094 /* Release */,
			);
			defaultConfigurationIsVisible = 0;
			defaultConfigurationName = Release;
		};
/* End XCConfigurationList section */
	};
	rootObject = FF0B80FE22FBACC700C1B094 /* Project object */;
}
